// !$*UTF8*$!
{
	archiveVersion = 1;
	classes = {
	};
	objectVersion = 50;
	objects = {

/* Begin PBXBuildFile section */
		5930E11C23D6411D008E8B27 /* BeanCellView.swift in Sources */ = {isa = PBXBuildFile; fileRef = 5930E11B23D6411D008E8B27 /* BeanCellView.swift */; };
		59446D7D23CB4FD000BC8176 /* Persistency.swift in Sources */ = {isa = PBXBuildFile; fileRef = 59446D7C23CB4FD000BC8176 /* Persistency.swift */; };
		5947E6F223D1FD590012997E /* BeansListView.swift in Sources */ = {isa = PBXBuildFile; fileRef = 5947E6F123D1FD590012997E /* BeansListView.swift */; };
		5947E6F423D1FD6A0012997E /* EditBeanView.swift in Sources */ = {isa = PBXBuildFile; fileRef = 5947E6F323D1FD6A0012997E /* EditBeanView.swift */; };
		5950765723DDFC6A00A5446A /* Log.swift in Sources */ = {isa = PBXBuildFile; fileRef = 5950765623DDFC6A00A5446A /* Log.swift */; };
		5951CDB0243789D600DDFDB9 /* Account+Extension.swift in Sources */ = {isa = PBXBuildFile; fileRef = 5951CDAF243789D600DDFDB9 /* Account+Extension.swift */; };
		5951CDB62438CD8500DDFDB9 /* EditCategoryView.swift in Sources */ = {isa = PBXBuildFile; fileRef = 5951CDB52438CD8500DDFDB9 /* EditCategoryView.swift */; };
		5951CDB82439EE0B00DDFDB9 /* EditCategoryViewModel.swift in Sources */ = {isa = PBXBuildFile; fileRef = 5951CDB72439EE0B00DDFDB9 /* EditCategoryViewModel.swift */; };
		5951CDBB2439F58300DDFDB9 /* CategoryDetailsView.swift in Sources */ = {isa = PBXBuildFile; fileRef = 5951CDBA2439F58300DDFDB9 /* CategoryDetailsView.swift */; };
		5951CDBE243AABC600DDFDB9 /* AccountSelectionView.swift in Sources */ = {isa = PBXBuildFile; fileRef = 5951CDBD243AABC600DDFDB9 /* AccountSelectionView.swift */; };
		5951CDC1243B5D6C00DDFDB9 /* CategorySelectionView.swift in Sources */ = {isa = PBXBuildFile; fileRef = 5951CDC0243B5D6C00DDFDB9 /* CategorySelectionView.swift */; };
		59600E4723D35F6D00E13D90 /* Decimal+Extension.swift in Sources */ = {isa = PBXBuildFile; fileRef = 59600E4623D35F6D00E13D90 /* Decimal+Extension.swift */; };
		59600E4A23D3601F00E13D90 /* StringFormatter.swift in Sources */ = {isa = PBXBuildFile; fileRef = 59600E4923D3601F00E13D90 /* StringFormatter.swift */; };
		59639ADF23D6430D00DD18DC /* EditBeanViewModel.swift in Sources */ = {isa = PBXBuildFile; fileRef = 59639ADE23D6430D00DD18DC /* EditBeanViewModel.swift */; };
		59639AE123D643C100DD18DC /* CurrencyTextField.swift in Sources */ = {isa = PBXBuildFile; fileRef = 59639AE023D643C100DD18DC /* CurrencyTextField.swift */; };
		59735AD7240F42350011823E /* Date+Extension.swift in Sources */ = {isa = PBXBuildFile; fileRef = 59735AD6240F42350011823E /* Date+Extension.swift */; };
		5975416624042347001BD684 /* BeanDetailsView.swift in Sources */ = {isa = PBXBuildFile; fileRef = 5975416524042347001BD684 /* BeanDetailsView.swift */; };
		5977F69D240DA89900FE53D2 /* AccountsListView.swift in Sources */ = {isa = PBXBuildFile; fileRef = 5977F69C240DA89900FE53D2 /* AccountsListView.swift */; };
		5977F6A0240DB84100FE53D2 /* EditAccountView.swift in Sources */ = {isa = PBXBuildFile; fileRef = 5977F69F240DB84100FE53D2 /* EditAccountView.swift */; };
		5977F6A2240DCB7800FE53D2 /* EditAccountViewModel.swift in Sources */ = {isa = PBXBuildFile; fileRef = 5977F6A1240DCB7800FE53D2 /* EditAccountViewModel.swift */; };
		5977F6A7240E67A900FE53D2 /* AccountDetailsView.swift in Sources */ = {isa = PBXBuildFile; fileRef = 5977F6A6240E67A900FE53D2 /* AccountDetailsView.swift */; };
		5977F6AF240E710300FE53D2 /* HomeView.swift in Sources */ = {isa = PBXBuildFile; fileRef = 5977F6AE240E710300FE53D2 /* HomeView.swift */; };
		598C19E92444AE0A00001139 /* API.swift in Sources */ = {isa = PBXBuildFile; fileRef = 598C19E82444AE0A00001139 /* API.swift */; };
		598C19F02444B29300001139 /* APIAccount.swift in Sources */ = {isa = PBXBuildFile; fileRef = 598C19EF2444B29300001139 /* APIAccount.swift */; };
		598C19F22444B5A200001139 /* Synchronizer.swift in Sources */ = {isa = PBXBuildFile; fileRef = 598C19F12444B5A200001139 /* Synchronizer.swift */; };
		598C19F624478B0800001139 /* APICategory.swift in Sources */ = {isa = PBXBuildFile; fileRef = 598C19F524478B0800001139 /* APICategory.swift */; };
		59A49B6123E70CC8005221C9 /* String+Extension.swift in Sources */ = {isa = PBXBuildFile; fileRef = 59A49B6023E70CC8005221C9 /* String+Extension.swift */; };
		59B5289324070925001F6AC0 /* BlackBeans.xcdatamodeld in Sources */ = {isa = PBXBuildFile; fileRef = 59F2C4B023C226610040077D /* BlackBeans.xcdatamodeld */; };
		59DBA82B24086A290061B56D /* PersistencyTests.swift in Sources */ = {isa = PBXBuildFile; fileRef = 59DBA82924086A280061B56D /* PersistencyTests.swift */; };
		59DC028E2436A32900FB8A36 /* CategoriesList.swift in Sources */ = {isa = PBXBuildFile; fileRef = 59DC028D2436A32900FB8A36 /* CategoriesList.swift */; };
		59DC02932436A65400FB8A36 /* BeansHomeView.swift in Sources */ = {isa = PBXBuildFile; fileRef = 59DC02922436A65400FB8A36 /* BeansHomeView.swift */; };
		59DC02972436AECC00FB8A36 /* BeansSumView.swift in Sources */ = {isa = PBXBuildFile; fileRef = 59DC02962436AECC00FB8A36 /* BeansSumView.swift */; };
		59DFB23D244E6829001748F1 /* APIBean.swift in Sources */ = {isa = PBXBuildFile; fileRef = 59DFB23C244E6829001748F1 /* APIBean.swift */; };
		59F2C4AD23C226610040077D /* AppDelegate.swift in Sources */ = {isa = PBXBuildFile; fileRef = 59F2C4AC23C226610040077D /* AppDelegate.swift */; };
		59F2C4AF23C226610040077D /* SceneDelegate.swift in Sources */ = {isa = PBXBuildFile; fileRef = 59F2C4AE23C226610040077D /* SceneDelegate.swift */; };
		59F2C4B623C226660040077D /* Assets.xcassets in Resources */ = {isa = PBXBuildFile; fileRef = 59F2C4B523C226660040077D /* Assets.xcassets */; };
		59F2C4B923C226660040077D /* Preview Assets.xcassets in Resources */ = {isa = PBXBuildFile; fileRef = 59F2C4B823C226660040077D /* Preview Assets.xcassets */; };
		59F2C4BC23C226660040077D /* LaunchScreen.storyboard in Resources */ = {isa = PBXBuildFile; fileRef = 59F2C4BA23C226660040077D /* LaunchScreen.storyboard */; };
/* End PBXBuildFile section */

/* Begin PBXContainerItemProxy section */
		59DBA824240869D70061B56D /* PBXContainerItemProxy */ = {
			isa = PBXContainerItemProxy;
			containerPortal = 59F2C4A123C226610040077D /* Project object */;
			proxyType = 1;
			remoteGlobalIDString = 59F2C4A823C226610040077D;
			remoteInfo = BlackBeans;
		};
/* End PBXContainerItemProxy section */

/* Begin PBXFileReference section */
		5930E11B23D6411D008E8B27 /* BeanCellView.swift */ = {isa = PBXFileReference; lastKnownFileType = sourcecode.swift; path = BeanCellView.swift; sourceTree = "<group>"; };
		59446D7C23CB4FD000BC8176 /* Persistency.swift */ = {isa = PBXFileReference; lastKnownFileType = sourcecode.swift; path = Persistency.swift; sourceTree = "<group>"; };
		5947E6F123D1FD590012997E /* BeansListView.swift */ = {isa = PBXFileReference; fileEncoding = 4; lastKnownFileType = sourcecode.swift; path = BeansListView.swift; sourceTree = "<group>"; };
		5947E6F323D1FD6A0012997E /* EditBeanView.swift */ = {isa = PBXFileReference; lastKnownFileType = sourcecode.swift; path = EditBeanView.swift; sourceTree = "<group>"; };
		5950765623DDFC6A00A5446A /* Log.swift */ = {isa = PBXFileReference; lastKnownFileType = sourcecode.swift; path = Log.swift; sourceTree = "<group>"; };
		5951CDAF243789D600DDFDB9 /* Account+Extension.swift */ = {isa = PBXFileReference; lastKnownFileType = sourcecode.swift; path = "Account+Extension.swift"; sourceTree = "<group>"; };
		5951CDB52438CD8500DDFDB9 /* EditCategoryView.swift */ = {isa = PBXFileReference; lastKnownFileType = sourcecode.swift; path = EditCategoryView.swift; sourceTree = "<group>"; };
		5951CDB72439EE0B00DDFDB9 /* EditCategoryViewModel.swift */ = {isa = PBXFileReference; lastKnownFileType = sourcecode.swift; path = EditCategoryViewModel.swift; sourceTree = "<group>"; };
		5951CDBA2439F58300DDFDB9 /* CategoryDetailsView.swift */ = {isa = PBXFileReference; lastKnownFileType = sourcecode.swift; path = CategoryDetailsView.swift; sourceTree = "<group>"; };
		5951CDBD243AABC600DDFDB9 /* AccountSelectionView.swift */ = {isa = PBXFileReference; lastKnownFileType = sourcecode.swift; path = AccountSelectionView.swift; sourceTree = "<group>"; };
		5951CDC0243B5D6C00DDFDB9 /* CategorySelectionView.swift */ = {isa = PBXFileReference; lastKnownFileType = sourcecode.swift; path = CategorySelectionView.swift; sourceTree = "<group>"; };
		59600E4623D35F6D00E13D90 /* Decimal+Extension.swift */ = {isa = PBXFileReference; lastKnownFileType = sourcecode.swift; path = "Decimal+Extension.swift"; sourceTree = "<group>"; };
		59600E4923D3601F00E13D90 /* StringFormatter.swift */ = {isa = PBXFileReference; lastKnownFileType = sourcecode.swift; path = StringFormatter.swift; sourceTree = "<group>"; };
		59639ADE23D6430D00DD18DC /* EditBeanViewModel.swift */ = {isa = PBXFileReference; lastKnownFileType = sourcecode.swift; path = EditBeanViewModel.swift; sourceTree = "<group>"; };
		59639AE023D643C100DD18DC /* CurrencyTextField.swift */ = {isa = PBXFileReference; lastKnownFileType = sourcecode.swift; path = CurrencyTextField.swift; sourceTree = "<group>"; };
		59735AD6240F42350011823E /* Date+Extension.swift */ = {isa = PBXFileReference; lastKnownFileType = sourcecode.swift; path = "Date+Extension.swift"; sourceTree = "<group>"; };
		5975416524042347001BD684 /* BeanDetailsView.swift */ = {isa = PBXFileReference; lastKnownFileType = sourcecode.swift; path = BeanDetailsView.swift; sourceTree = "<group>"; };
		5977F69C240DA89900FE53D2 /* AccountsListView.swift */ = {isa = PBXFileReference; lastKnownFileType = sourcecode.swift; path = AccountsListView.swift; sourceTree = "<group>"; };
		5977F69F240DB84100FE53D2 /* EditAccountView.swift */ = {isa = PBXFileReference; lastKnownFileType = sourcecode.swift; path = EditAccountView.swift; sourceTree = "<group>"; };
		5977F6A1240DCB7800FE53D2 /* EditAccountViewModel.swift */ = {isa = PBXFileReference; lastKnownFileType = sourcecode.swift; path = EditAccountViewModel.swift; sourceTree = "<group>"; };
		5977F6A6240E67A900FE53D2 /* AccountDetailsView.swift */ = {isa = PBXFileReference; lastKnownFileType = sourcecode.swift; path = AccountDetailsView.swift; sourceTree = "<group>"; };
		5977F6AE240E710300FE53D2 /* HomeView.swift */ = {isa = PBXFileReference; lastKnownFileType = sourcecode.swift; path = HomeView.swift; sourceTree = "<group>"; };
		598C19E82444AE0A00001139 /* API.swift */ = {isa = PBXFileReference; lastKnownFileType = sourcecode.swift; path = API.swift; sourceTree = "<group>"; };
		598C19EF2444B29300001139 /* APIAccount.swift */ = {isa = PBXFileReference; lastKnownFileType = sourcecode.swift; path = APIAccount.swift; sourceTree = "<group>"; };
		598C19F12444B5A200001139 /* Synchronizer.swift */ = {isa = PBXFileReference; lastKnownFileType = sourcecode.swift; path = Synchronizer.swift; sourceTree = "<group>"; };
		598C19F524478B0800001139 /* APICategory.swift */ = {isa = PBXFileReference; lastKnownFileType = sourcecode.swift; path = APICategory.swift; sourceTree = "<group>"; };
		59A49B6023E70CC8005221C9 /* String+Extension.swift */ = {isa = PBXFileReference; lastKnownFileType = sourcecode.swift; path = "String+Extension.swift"; sourceTree = "<group>"; };
		59DBA81F240869D70061B56D /* BlackBeansTests.xctest */ = {isa = PBXFileReference; explicitFileType = wrapper.cfbundle; includeInIndex = 0; path = BlackBeansTests.xctest; sourceTree = BUILT_PRODUCTS_DIR; };
		59DBA823240869D70061B56D /* Info.plist */ = {isa = PBXFileReference; lastKnownFileType = text.plist.xml; path = Info.plist; sourceTree = "<group>"; };
		59DBA82924086A280061B56D /* PersistencyTests.swift */ = {isa = PBXFileReference; fileEncoding = 4; lastKnownFileType = sourcecode.swift; path = PersistencyTests.swift; sourceTree = "<group>"; };
		59DC028D2436A32900FB8A36 /* CategoriesList.swift */ = {isa = PBXFileReference; lastKnownFileType = sourcecode.swift; path = CategoriesList.swift; sourceTree = "<group>"; };
		59DC02922436A65400FB8A36 /* BeansHomeView.swift */ = {isa = PBXFileReference; lastKnownFileType = sourcecode.swift; path = BeansHomeView.swift; sourceTree = "<group>"; };
		59DC02962436AECC00FB8A36 /* BeansSumView.swift */ = {isa = PBXFileReference; lastKnownFileType = sourcecode.swift; path = BeansSumView.swift; sourceTree = "<group>"; };
		59DFB23C244E6829001748F1 /* APIBean.swift */ = {isa = PBXFileReference; lastKnownFileType = sourcecode.swift; path = APIBean.swift; sourceTree = "<group>"; };
		59F2C4A923C226610040077D /* BlackBeans.app */ = {isa = PBXFileReference; explicitFileType = wrapper.application; includeInIndex = 0; path = BlackBeans.app; sourceTree = BUILT_PRODUCTS_DIR; };
		59F2C4AC23C226610040077D /* AppDelegate.swift */ = {isa = PBXFileReference; lastKnownFileType = sourcecode.swift; path = AppDelegate.swift; sourceTree = "<group>"; };
		59F2C4AE23C226610040077D /* SceneDelegate.swift */ = {isa = PBXFileReference; lastKnownFileType = sourcecode.swift; path = SceneDelegate.swift; sourceTree = "<group>"; };
		59F2C4B123C226610040077D /* BlackBeans.xcdatamodel */ = {isa = PBXFileReference; lastKnownFileType = wrapper.xcdatamodel; path = BlackBeans.xcdatamodel; sourceTree = "<group>"; };
		59F2C4B523C226660040077D /* Assets.xcassets */ = {isa = PBXFileReference; lastKnownFileType = folder.assetcatalog; path = Assets.xcassets; sourceTree = "<group>"; };
		59F2C4B823C226660040077D /* Preview Assets.xcassets */ = {isa = PBXFileReference; lastKnownFileType = folder.assetcatalog; path = "Preview Assets.xcassets"; sourceTree = "<group>"; };
		59F2C4BB23C226660040077D /* Base */ = {isa = PBXFileReference; lastKnownFileType = file.storyboard; name = Base; path = Base.lproj/LaunchScreen.storyboard; sourceTree = "<group>"; };
		59F2C4BD23C226660040077D /* Info.plist */ = {isa = PBXFileReference; lastKnownFileType = text.plist.xml; path = Info.plist; sourceTree = "<group>"; };
/* End PBXFileReference section */

/* Begin PBXFrameworksBuildPhase section */
		59DBA81C240869D70061B56D /* Frameworks */ = {
			isa = PBXFrameworksBuildPhase;
			buildActionMask = 2147483647;
			files = (
			);
			runOnlyForDeploymentPostprocessing = 0;
		};
		59F2C4A623C226610040077D /* Frameworks */ = {
			isa = PBXFrameworksBuildPhase;
			buildActionMask = 2147483647;
			files = (
			);
			runOnlyForDeploymentPostprocessing = 0;
		};
/* End PBXFrameworksBuildPhase section */

/* Begin PBXGroup section */
		5931BEE82404217900250CCF /* Shared Views */ = {
			isa = PBXGroup;
			children = (
				59639AE023D643C100DD18DC /* CurrencyTextField.swift */,
			);
			path = "Shared Views";
			sourceTree = "<group>";
		};
		5951CDB42438CD5C00DDFDB9 /* Edit Category */ = {
			isa = PBXGroup;
			children = (
				5951CDB52438CD8500DDFDB9 /* EditCategoryView.swift */,
				5951CDB72439EE0B00DDFDB9 /* EditCategoryViewModel.swift */,
			);
			path = "Edit Category";
			sourceTree = "<group>";
		};
		5951CDB92439F4BB00DDFDB9 /* Category Details */ = {
			isa = PBXGroup;
			children = (
				5951CDBA2439F58300DDFDB9 /* CategoryDetailsView.swift */,
			);
			path = "Category Details";
			sourceTree = "<group>";
		};
		5951CDBC243AABAE00DDFDB9 /* Account Selection */ = {
			isa = PBXGroup;
			children = (
				5951CDBD243AABC600DDFDB9 /* AccountSelectionView.swift */,
			);
			path = "Account Selection";
			sourceTree = "<group>";
		};
		5951CDBF243B5D4E00DDFDB9 /* Category Selection */ = {
			isa = PBXGroup;
			children = (
				5951CDC0243B5D6C00DDFDB9 /* CategorySelectionView.swift */,
			);
			path = "Category Selection";
			sourceTree = "<group>";
		};
		59600E4523D35F5C00E13D90 /* Extensions */ = {
			isa = PBXGroup;
			children = (
				59600E4623D35F6D00E13D90 /* Decimal+Extension.swift */,
				59A49B6023E70CC8005221C9 /* String+Extension.swift */,
				59735AD6240F42350011823E /* Date+Extension.swift */,
			);
			path = Extensions;
			sourceTree = "<group>";
		};
		59600E4823D3601300E13D90 /* Utils */ = {
			isa = PBXGroup;
			children = (
				59600E4923D3601F00E13D90 /* StringFormatter.swift */,
				5950765623DDFC6A00A5446A /* Log.swift */,
			);
			path = Utils;
			sourceTree = "<group>";
		};
		597541612404230E001BD684 /* Views */ = {
			isa = PBXGroup;
			children = (
				5977F6AD240E70F600FE53D2 /* Home */,
				5977F6A3240E617900FE53D2 /* Beans */,
				5977F6A4240E618200FE53D2 /* Accounts */,
				59DC028C2436A30B00FB8A36 /* Categories */,
			);
			path = Views;
			sourceTree = "<group>";
		};
		5975416224042314001BD684 /* Bean Details */ = {
			isa = PBXGroup;
			children = (
				5975416524042347001BD684 /* BeanDetailsView.swift */,
			);
			path = "Bean Details";
			sourceTree = "<group>";
		};
		5977F69B240DA7EF00FE53D2 /* Accounts List */ = {
			isa = PBXGroup;
			children = (
				5977F69C240DA89900FE53D2 /* AccountsListView.swift */,
			);
			path = "Accounts List";
			sourceTree = "<group>";
		};
		5977F69E240DB81A00FE53D2 /* Edit Account */ = {
			isa = PBXGroup;
			children = (
				5977F69F240DB84100FE53D2 /* EditAccountView.swift */,
				5977F6A1240DCB7800FE53D2 /* EditAccountViewModel.swift */,
			);
			path = "Edit Account";
			sourceTree = "<group>";
		};
		5977F6A3240E617900FE53D2 /* Beans */ = {
			isa = PBXGroup;
			children = (
				59DC02942436AC3200FB8A36 /* Beans Home */,
				59DC02952436AEBB00FB8A36 /* Beans Sum */,
				59FF74C123EB52EE0066C3A5 /* Beans List */,
				59FF74C023EB52DD0066C3A5 /* Edit Bean */,
				5975416224042314001BD684 /* Bean Details */,
			);
			path = Beans;
			sourceTree = "<group>";
		};
		5977F6A4240E618200FE53D2 /* Accounts */ = {
			isa = PBXGroup;
			children = (
				5951CDBC243AABAE00DDFDB9 /* Account Selection */,
				5977F69B240DA7EF00FE53D2 /* Accounts List */,
				5977F69E240DB81A00FE53D2 /* Edit Account */,
				5977F6A5240E678700FE53D2 /* Account Details */,
			);
			path = Accounts;
			sourceTree = "<group>";
		};
		5977F6A5240E678700FE53D2 /* Account Details */ = {
			isa = PBXGroup;
			children = (
				5977F6A6240E67A900FE53D2 /* AccountDetailsView.swift */,
			);
			path = "Account Details";
			sourceTree = "<group>";
		};
		5977F6AD240E70F600FE53D2 /* Home */ = {
			isa = PBXGroup;
			children = (
				5977F6AE240E710300FE53D2 /* HomeView.swift */,
			);
			path = Home;
			sourceTree = "<group>";
		};
		598C19E42444ADD100001139 /* Persistency */ = {
			isa = PBXGroup;
			children = (
				59446D7C23CB4FD000BC8176 /* Persistency.swift */,
				59F2C4B023C226610040077D /* BlackBeans.xcdatamodeld */,
			);
			path = Persistency;
			sourceTree = "<group>";
		};
		598C19E52444ADD900001139 /* API */ = {
			isa = PBXGroup;
			children = (
				598C19EE2444B28600001139 /* Structs */,
				598C19E82444AE0A00001139 /* API.swift */,
				598C19F12444B5A200001139 /* Synchronizer.swift */,
			);
			path = API;
			sourceTree = "<group>";
		};
		598C19E62444ADDE00001139 /* Entities */ = {
			isa = PBXGroup;
			children = (
				5951CDAF243789D600DDFDB9 /* Account+Extension.swift */,
			);
			path = Entities;
			sourceTree = "<group>";
		};
		598C19EE2444B28600001139 /* Structs */ = {
			isa = PBXGroup;
			children = (
				598C19EF2444B29300001139 /* APIAccount.swift */,
				598C19F524478B0800001139 /* APICategory.swift */,
				59DFB23C244E6829001748F1 /* APIBean.swift */,
			);
			path = Structs;
			sourceTree = "<group>";
		};
		59A621C523D1F8B7006C7750 /* Application */ = {
			isa = PBXGroup;
			children = (
				59F2C4AC23C226610040077D /* AppDelegate.swift */,
				59F2C4AE23C226610040077D /* SceneDelegate.swift */,
				59F2C4BA23C226660040077D /* LaunchScreen.storyboard */,
				59F2C4BD23C226660040077D /* Info.plist */,
				59F2C4B523C226660040077D /* Assets.xcassets */,
				59F2C4B723C226660040077D /* Preview Content */,
			);
			path = Application;
			sourceTree = "<group>";
		};
		59A621C623D1F8D4006C7750 /* Model */ = {
			isa = PBXGroup;
			children = (
				598C19E62444ADDE00001139 /* Entities */,
				598C19E42444ADD100001139 /* Persistency */,
				598C19E52444ADD900001139 /* API */,
			);
			path = Model;
			sourceTree = "<group>";
		};
		59DBA820240869D70061B56D /* BlackBeansTests */ = {
			isa = PBXGroup;
			children = (
				59DBA82924086A280061B56D /* PersistencyTests.swift */,
				59DBA823240869D70061B56D /* Info.plist */,
			);
			path = BlackBeansTests;
			sourceTree = "<group>";
		};
		59DC028C2436A30B00FB8A36 /* Categories */ = {
			isa = PBXGroup;
			children = (
				5951CDBF243B5D4E00DDFDB9 /* Category Selection */,
				59DC028F2436A33400FB8A36 /* Categories List */,
				5951CDB42438CD5C00DDFDB9 /* Edit Category */,
				5951CDB92439F4BB00DDFDB9 /* Category Details */,
			);
			path = Categories;
			sourceTree = "<group>";
		};
		59DC028F2436A33400FB8A36 /* Categories List */ = {
			isa = PBXGroup;
			children = (
				59DC028D2436A32900FB8A36 /* CategoriesList.swift */,
			);
			path = "Categories List";
			sourceTree = "<group>";
		};
		59DC02942436AC3200FB8A36 /* Beans Home */ = {
			isa = PBXGroup;
			children = (
				59DC02922436A65400FB8A36 /* BeansHomeView.swift */,
			);
			path = "Beans Home";
			sourceTree = "<group>";
		};
		59DC02952436AEBB00FB8A36 /* Beans Sum */ = {
			isa = PBXGroup;
			children = (
				59DC02962436AECC00FB8A36 /* BeansSumView.swift */,
			);
			path = "Beans Sum";
			sourceTree = "<group>";
		};
		59F2C4A023C226610040077D = {
			isa = PBXGroup;
			children = (
				59F2C4AB23C226610040077D /* BlackBeans */,
				59DBA820240869D70061B56D /* BlackBeansTests */,
				59F2C4AA23C226610040077D /* Products */,
			);
			sourceTree = "<group>";
		};
		59F2C4AA23C226610040077D /* Products */ = {
			isa = PBXGroup;
			children = (
				59F2C4A923C226610040077D /* BlackBeans.app */,
				59DBA81F240869D70061B56D /* BlackBeansTests.xctest */,
			);
			name = Products;
			sourceTree = "<group>";
		};
		59F2C4AB23C226610040077D /* BlackBeans */ = {
			isa = PBXGroup;
			children = (
				597541612404230E001BD684 /* Views */,
				59A621C623D1F8D4006C7750 /* Model */,
				59600E4523D35F5C00E13D90 /* Extensions */,
				5931BEE82404217900250CCF /* Shared Views */,
				59600E4823D3601300E13D90 /* Utils */,
				59A621C523D1F8B7006C7750 /* Application */,
			);
			path = BlackBeans;
			sourceTree = "<group>";
		};
		59F2C4B723C226660040077D /* Preview Content */ = {
			isa = PBXGroup;
			children = (
				59F2C4B823C226660040077D /* Preview Assets.xcassets */,
			);
			path = "Preview Content";
			sourceTree = "<group>";
		};
		59FF74C023EB52DD0066C3A5 /* Edit Bean */ = {
			isa = PBXGroup;
			children = (
				5947E6F323D1FD6A0012997E /* EditBeanView.swift */,
				59639ADE23D6430D00DD18DC /* EditBeanViewModel.swift */,
			);
			path = "Edit Bean";
			sourceTree = "<group>";
		};
		59FF74C123EB52EE0066C3A5 /* Beans List */ = {
			isa = PBXGroup;
			children = (
				5947E6F123D1FD590012997E /* BeansListView.swift */,
				5930E11B23D6411D008E8B27 /* BeanCellView.swift */,
			);
			path = "Beans List";
			sourceTree = "<group>";
		};
/* End PBXGroup section */

/* Begin PBXNativeTarget section */
		59DBA81E240869D70061B56D /* BlackBeansTests */ = {
			isa = PBXNativeTarget;
			buildConfigurationList = 59DBA826240869D70061B56D /* Build configuration list for PBXNativeTarget "BlackBeansTests" */;
			buildPhases = (
				59DBA81B240869D70061B56D /* Sources */,
				59DBA81C240869D70061B56D /* Frameworks */,
				59DBA81D240869D70061B56D /* Resources */,
			);
			buildRules = (
			);
			dependencies = (
				59DBA825240869D70061B56D /* PBXTargetDependency */,
			);
			name = BlackBeansTests;
			productName = BlackBeansTests;
			productReference = 59DBA81F240869D70061B56D /* BlackBeansTests.xctest */;
			productType = "com.apple.product-type.bundle.unit-test";
		};
		59F2C4A823C226610040077D /* BlackBeans */ = {
			isa = PBXNativeTarget;
			buildConfigurationList = 59F2C4C023C226660040077D /* Build configuration list for PBXNativeTarget "BlackBeans" */;
			buildPhases = (
				59F2C4A523C226610040077D /* Sources */,
				59F2C4A623C226610040077D /* Frameworks */,
				59F2C4A723C226610040077D /* Resources */,
			);
			buildRules = (
			);
			dependencies = (
			);
			name = BlackBeans;
			productName = BlackBeans;
			productReference = 59F2C4A923C226610040077D /* BlackBeans.app */;
			productType = "com.apple.product-type.application";
		};
/* End PBXNativeTarget section */

/* Begin PBXProject section */
		59F2C4A123C226610040077D /* Project object */ = {
			isa = PBXProject;
			attributes = {
				LastSwiftUpdateCheck = 1130;
				LastUpgradeCheck = 1120;
				ORGANIZATIONNAME = "Ricardo Gehrke Filho";
				TargetAttributes = {
					59DBA81E240869D70061B56D = {
						CreatedOnToolsVersion = 11.3;
						LastSwiftMigration = 1130;
						TestTargetID = 59F2C4A823C226610040077D;
					};
					59F2C4A823C226610040077D = {
						CreatedOnToolsVersion = 11.2.1;
					};
				};
			};
			buildConfigurationList = 59F2C4A423C226610040077D /* Build configuration list for PBXProject "BlackBeans" */;
			compatibilityVersion = "Xcode 9.3";
			developmentRegion = en;
			hasScannedForEncodings = 0;
			knownRegions = (
				en,
				Base,
			);
			mainGroup = 59F2C4A023C226610040077D;
			productRefGroup = 59F2C4AA23C226610040077D /* Products */;
			projectDirPath = "";
			projectRoot = "";
			targets = (
				59F2C4A823C226610040077D /* BlackBeans */,
				59DBA81E240869D70061B56D /* BlackBeansTests */,
			);
		};
/* End PBXProject section */

/* Begin PBXResourcesBuildPhase section */
		59DBA81D240869D70061B56D /* Resources */ = {
			isa = PBXResourcesBuildPhase;
			buildActionMask = 2147483647;
			files = (
			);
			runOnlyForDeploymentPostprocessing = 0;
		};
		59F2C4A723C226610040077D /* Resources */ = {
			isa = PBXResourcesBuildPhase;
			buildActionMask = 2147483647;
			files = (
				59F2C4BC23C226660040077D /* LaunchScreen.storyboard in Resources */,
				59F2C4B923C226660040077D /* Preview Assets.xcassets in Resources */,
				59F2C4B623C226660040077D /* Assets.xcassets in Resources */,
			);
			runOnlyForDeploymentPostprocessing = 0;
		};
/* End PBXResourcesBuildPhase section */

/* Begin PBXSourcesBuildPhase section */
		59DBA81B240869D70061B56D /* Sources */ = {
			isa = PBXSourcesBuildPhase;
			buildActionMask = 2147483647;
			files = (
				59DBA82B24086A290061B56D /* PersistencyTests.swift in Sources */,
			);
			runOnlyForDeploymentPostprocessing = 0;
		};
		59F2C4A523C226610040077D /* Sources */ = {
			isa = PBXSourcesBuildPhase;
			buildActionMask = 2147483647;
			files = (
				59DC02932436A65400FB8A36 /* BeansHomeView.swift in Sources */,
				59735AD7240F42350011823E /* Date+Extension.swift in Sources */,
				59DC028E2436A32900FB8A36 /* CategoriesList.swift in Sources */,
				5951CDBE243AABC600DDFDB9 /* AccountSelectionView.swift in Sources */,
				5977F6A2240DCB7800FE53D2 /* EditAccountViewModel.swift in Sources */,
				5951CDB82439EE0B00DDFDB9 /* EditCategoryViewModel.swift in Sources */,
				59DFB23D244E6829001748F1 /* APIBean.swift in Sources */,
				5977F6A0240DB84100FE53D2 /* EditAccountView.swift in Sources */,
				5951CDC1243B5D6C00DDFDB9 /* CategorySelectionView.swift in Sources */,
				59F2C4AD23C226610040077D /* AppDelegate.swift in Sources */,
				598C19F624478B0800001139 /* APICategory.swift in Sources */,
				59F2C4AF23C226610040077D /* SceneDelegate.swift in Sources */,
				5947E6F223D1FD590012997E /* BeansListView.swift in Sources */,
				598C19F02444B29300001139 /* APIAccount.swift in Sources */,
				5930E11C23D6411D008E8B27 /* BeanCellView.swift in Sources */,
				59600E4723D35F6D00E13D90 /* Decimal+Extension.swift in Sources */,
				59600E4A23D3601F00E13D90 /* StringFormatter.swift in Sources */,
				59639AE123D643C100DD18DC /* CurrencyTextField.swift in Sources */,
				598C19F22444B5A200001139 /* Synchronizer.swift in Sources */,
				5975416624042347001BD684 /* BeanDetailsView.swift in Sources */,
				5950765723DDFC6A00A5446A /* Log.swift in Sources */,
				59A49B6123E70CC8005221C9 /* String+Extension.swift in Sources */,
				59B5289324070925001F6AC0 /* BlackBeans.xcdatamodeld in Sources */,
				5951CDB62438CD8500DDFDB9 /* EditCategoryView.swift in Sources */,
				5951CDBB2439F58300DDFDB9 /* CategoryDetailsView.swift in Sources */,
				598C19E92444AE0A00001139 /* API.swift in Sources */,
				59DC02972436AECC00FB8A36 /* BeansSumView.swift in Sources */,
				5977F69D240DA89900FE53D2 /* AccountsListView.swift in Sources */,
				59639ADF23D6430D00DD18DC /* EditBeanViewModel.swift in Sources */,
				59446D7D23CB4FD000BC8176 /* Persistency.swift in Sources */,
				5951CDB0243789D600DDFDB9 /* Account+Extension.swift in Sources */,
				5947E6F423D1FD6A0012997E /* EditBeanView.swift in Sources */,
				5977F6A7240E67A900FE53D2 /* AccountDetailsView.swift in Sources */,
				5977F6AF240E710300FE53D2 /* HomeView.swift in Sources */,
			);
			runOnlyForDeploymentPostprocessing = 0;
		};
/* End PBXSourcesBuildPhase section */

/* Begin PBXTargetDependency section */
		59DBA825240869D70061B56D /* PBXTargetDependency */ = {
			isa = PBXTargetDependency;
			target = 59F2C4A823C226610040077D /* BlackBeans */;
			targetProxy = 59DBA824240869D70061B56D /* PBXContainerItemProxy */;
		};
/* End PBXTargetDependency section */

/* Begin PBXVariantGroup section */
		59F2C4BA23C226660040077D /* LaunchScreen.storyboard */ = {
			isa = PBXVariantGroup;
			children = (
				59F2C4BB23C226660040077D /* Base */,
			);
			name = LaunchScreen.storyboard;
			sourceTree = "<group>";
		};
/* End PBXVariantGroup section */

/* Begin XCBuildConfiguration section */
		59DBA827240869D70061B56D /* Debug */ = {
			isa = XCBuildConfiguration;
			buildSettings = {
				BUNDLE_LOADER = "$(TEST_HOST)";
				CLANG_ENABLE_MODULES = YES;
				CODE_SIGN_STYLE = Automatic;
				DEVELOPMENT_TEAM = 2T9EKFYB5P;
				INFOPLIST_FILE = BlackBeansTests/Info.plist;
				LD_RUNPATH_SEARCH_PATHS = (
					"$(inherited)",
					"@executable_path/Frameworks",
					"@loader_path/Frameworks",
				);
				PRODUCT_BUNDLE_IDENTIFIER = com.rrghkf.BlackBeansTests;
				PRODUCT_NAME = "$(TARGET_NAME)";
				SWIFT_OPTIMIZATION_LEVEL = "-Onone";
				SWIFT_VERSION = 5.0;
				TARGETED_DEVICE_FAMILY = "1,2";
				TEST_HOST = "$(BUILT_PRODUCTS_DIR)/BlackBeans.app/BlackBeans";
			};
			name = Debug;
		};
		59DBA828240869D70061B56D /* Release */ = {
			isa = XCBuildConfiguration;
			buildSettings = {
				BUNDLE_LOADER = "$(TEST_HOST)";
				CLANG_ENABLE_MODULES = YES;
				CODE_SIGN_STYLE = Automatic;
				DEVELOPMENT_TEAM = 2T9EKFYB5P;
				INFOPLIST_FILE = BlackBeansTests/Info.plist;
				LD_RUNPATH_SEARCH_PATHS = (
					"$(inherited)",
					"@executable_path/Frameworks",
					"@loader_path/Frameworks",
				);
				PRODUCT_BUNDLE_IDENTIFIER = com.rrghkf.BlackBeansTests;
				PRODUCT_NAME = "$(TARGET_NAME)";
				SWIFT_VERSION = 5.0;
				TARGETED_DEVICE_FAMILY = "1,2";
				TEST_HOST = "$(BUILT_PRODUCTS_DIR)/BlackBeans.app/BlackBeans";
			};
			name = Release;
		};
		59F2C4BE23C226660040077D /* Debug */ = {
			isa = XCBuildConfiguration;
			buildSettings = {
				ALWAYS_SEARCH_USER_PATHS = NO;
				CLANG_ANALYZER_NONNULL = YES;
				CLANG_ANALYZER_NUMBER_OBJECT_CONVERSION = YES_AGGRESSIVE;
				CLANG_CXX_LANGUAGE_STANDARD = "gnu++14";
				CLANG_CXX_LIBRARY = "libc++";
				CLANG_ENABLE_MODULES = YES;
				CLANG_ENABLE_OBJC_ARC = YES;
				CLANG_ENABLE_OBJC_WEAK = YES;
				CLANG_WARN_BLOCK_CAPTURE_AUTORELEASING = YES;
				CLANG_WARN_BOOL_CONVERSION = YES;
				CLANG_WARN_COMMA = YES;
				CLANG_WARN_CONSTANT_CONVERSION = YES;
				CLANG_WARN_DEPRECATED_OBJC_IMPLEMENTATIONS = YES;
				CLANG_WARN_DIRECT_OBJC_ISA_USAGE = YES_ERROR;
				CLANG_WARN_DOCUMENTATION_COMMENTS = YES;
				CLANG_WARN_EMPTY_BODY = YES;
				CLANG_WARN_ENUM_CONVERSION = YES;
				CLANG_WARN_INFINITE_RECURSION = YES;
				CLANG_WARN_INT_CONVERSION = YES;
				CLANG_WARN_NON_LITERAL_NULL_CONVERSION = YES;
				CLANG_WARN_OBJC_IMPLICIT_RETAIN_SELF = YES;
				CLANG_WARN_OBJC_LITERAL_CONVERSION = YES;
				CLANG_WARN_OBJC_ROOT_CLASS = YES_ERROR;
				CLANG_WARN_RANGE_LOOP_ANALYSIS = YES;
				CLANG_WARN_STRICT_PROTOTYPES = YES;
				CLANG_WARN_SUSPICIOUS_MOVE = YES;
				CLANG_WARN_UNGUARDED_AVAILABILITY = YES_AGGRESSIVE;
				CLANG_WARN_UNREACHABLE_CODE = YES;
				CLANG_WARN__DUPLICATE_METHOD_MATCH = YES;
				COPY_PHASE_STRIP = NO;
				DEBUG_INFORMATION_FORMAT = dwarf;
				ENABLE_STRICT_OBJC_MSGSEND = YES;
				ENABLE_TESTABILITY = YES;
				GCC_C_LANGUAGE_STANDARD = gnu11;
				GCC_DYNAMIC_NO_PIC = NO;
				GCC_NO_COMMON_BLOCKS = YES;
				GCC_OPTIMIZATION_LEVEL = 0;
				GCC_PREPROCESSOR_DEFINITIONS = (
					"DEBUG=1",
					"$(inherited)",
				);
				GCC_WARN_64_TO_32_BIT_CONVERSION = YES;
				GCC_WARN_ABOUT_RETURN_TYPE = YES_ERROR;
				GCC_WARN_UNDECLARED_SELECTOR = YES;
				GCC_WARN_UNINITIALIZED_AUTOS = YES_AGGRESSIVE;
				GCC_WARN_UNUSED_FUNCTION = YES;
				GCC_WARN_UNUSED_VARIABLE = YES;
				IPHONEOS_DEPLOYMENT_TARGET = 13.2;
				MTL_ENABLE_DEBUG_INFO = INCLUDE_SOURCE;
				MTL_FAST_MATH = YES;
				ONLY_ACTIVE_ARCH = YES;
				SDKROOT = iphoneos;
				SWIFT_ACTIVE_COMPILATION_CONDITIONS = DEBUG;
				SWIFT_OPTIMIZATION_LEVEL = "-Onone";
			};
			name = Debug;
		};
		59F2C4BF23C226660040077D /* Release */ = {
			isa = XCBuildConfiguration;
			buildSettings = {
				ALWAYS_SEARCH_USER_PATHS = NO;
				CLANG_ANALYZER_NONNULL = YES;
				CLANG_ANALYZER_NUMBER_OBJECT_CONVERSION = YES_AGGRESSIVE;
				CLANG_CXX_LANGUAGE_STANDARD = "gnu++14";
				CLANG_CXX_LIBRARY = "libc++";
				CLANG_ENABLE_MODULES = YES;
				CLANG_ENABLE_OBJC_ARC = YES;
				CLANG_ENABLE_OBJC_WEAK = YES;
				CLANG_WARN_BLOCK_CAPTURE_AUTORELEASING = YES;
				CLANG_WARN_BOOL_CONVERSION = YES;
				CLANG_WARN_COMMA = YES;
				CLANG_WARN_CONSTANT_CONVERSION = YES;
				CLANG_WARN_DEPRECATED_OBJC_IMPLEMENTATIONS = YES;
				CLANG_WARN_DIRECT_OBJC_ISA_USAGE = YES_ERROR;
				CLANG_WARN_DOCUMENTATION_COMMENTS = YES;
				CLANG_WARN_EMPTY_BODY = YES;
				CLANG_WARN_ENUM_CONVERSION = YES;
				CLANG_WARN_INFINITE_RECURSION = YES;
				CLANG_WARN_INT_CONVERSION = YES;
				CLANG_WARN_NON_LITERAL_NULL_CONVERSION = YES;
				CLANG_WARN_OBJC_IMPLICIT_RETAIN_SELF = YES;
				CLANG_WARN_OBJC_LITERAL_CONVERSION = YES;
				CLANG_WARN_OBJC_ROOT_CLASS = YES_ERROR;
				CLANG_WARN_RANGE_LOOP_ANALYSIS = YES;
				CLANG_WARN_STRICT_PROTOTYPES = YES;
				CLANG_WARN_SUSPICIOUS_MOVE = YES;
				CLANG_WARN_UNGUARDED_AVAILABILITY = YES_AGGRESSIVE;
				CLANG_WARN_UNREACHABLE_CODE = YES;
				CLANG_WARN__DUPLICATE_METHOD_MATCH = YES;
				COPY_PHASE_STRIP = NO;
				DEBUG_INFORMATION_FORMAT = "dwarf-with-dsym";
				ENABLE_NS_ASSERTIONS = NO;
				ENABLE_STRICT_OBJC_MSGSEND = YES;
				GCC_C_LANGUAGE_STANDARD = gnu11;
				GCC_NO_COMMON_BLOCKS = YES;
				GCC_WARN_64_TO_32_BIT_CONVERSION = YES;
				GCC_WARN_ABOUT_RETURN_TYPE = YES_ERROR;
				GCC_WARN_UNDECLARED_SELECTOR = YES;
				GCC_WARN_UNINITIALIZED_AUTOS = YES_AGGRESSIVE;
				GCC_WARN_UNUSED_FUNCTION = YES;
				GCC_WARN_UNUSED_VARIABLE = YES;
				IPHONEOS_DEPLOYMENT_TARGET = 13.2;
				MTL_ENABLE_DEBUG_INFO = NO;
				MTL_FAST_MATH = YES;
				SDKROOT = iphoneos;
				SWIFT_COMPILATION_MODE = wholemodule;
				SWIFT_OPTIMIZATION_LEVEL = "-O";
				VALIDATE_PRODUCT = YES;
			};
			name = Release;
		};
		59F2C4C123C226660040077D /* Debug */ = {
			isa = XCBuildConfiguration;
			buildSettings = {
				ASSETCATALOG_COMPILER_APPICON_NAME = AppIcon;
				CODE_SIGN_STYLE = Automatic;
				CURRENT_PROJECT_VERSION = 3;
				DEVELOPMENT_ASSET_PATHS = "\"BlackBeans/Application/Preview Content\"";
				DEVELOPMENT_TEAM = 2T9EKFYB5P;
				ENABLE_PREVIEWS = YES;
				INFOPLIST_FILE = "$(SRCROOT)/BlackBeans/Application/Info.plist";
				LD_RUNPATH_SEARCH_PATHS = (
					"$(inherited)",
					"@executable_path/Frameworks",
				);
				PRODUCT_BUNDLE_IDENTIFIER = com.rrghkf.BlackBeans;
				PRODUCT_NAME = "$(TARGET_NAME)";
				SWIFT_VERSION = 5.0;
				TARGETED_DEVICE_FAMILY = "1,2";
			};
			name = Debug;
		};
		59F2C4C223C226660040077D /* Release */ = {
			isa = XCBuildConfiguration;
			buildSettings = {
				ASSETCATALOG_COMPILER_APPICON_NAME = AppIcon;
				CODE_SIGN_STYLE = Automatic;
				CURRENT_PROJECT_VERSION = 3;
				DEVELOPMENT_ASSET_PATHS = "\"BlackBeans/Application/Preview Content\"";
				DEVELOPMENT_TEAM = 2T9EKFYB5P;
				ENABLE_PREVIEWS = YES;
				INFOPLIST_FILE = "$(SRCROOT)/BlackBeans/Application/Info.plist";
				LD_RUNPATH_SEARCH_PATHS = (
					"$(inherited)",
					"@executable_path/Frameworks",
				);
				PRODUCT_BUNDLE_IDENTIFIER = com.rrghkf.BlackBeans;
				PRODUCT_NAME = "$(TARGET_NAME)";
				SWIFT_VERSION = 5.0;
				TARGETED_DEVICE_FAMILY = "1,2";
			};
			name = Release;
		};
/* End XCBuildConfiguration section */

/* Begin XCConfigurationList section */
		59DBA826240869D70061B56D /* Build configuration list for PBXNativeTarget "BlackBeansTests" */ = {
			isa = XCConfigurationList;
			buildConfigurations = (
				59DBA827240869D70061B56D /* Debug */,
				59DBA828240869D70061B56D /* Release */,
			);
			defaultConfigurationIsVisible = 0;
			defaultConfigurationName = Release;
		};
		59F2C4A423C226610040077D /* Build configuration list for PBXProject "BlackBeans" */ = {
			isa = XCConfigurationList;
			buildConfigurations = (
				59F2C4BE23C226660040077D /* Debug */,
				59F2C4BF23C226660040077D /* Release */,
			);
			defaultConfigurationIsVisible = 0;
			defaultConfigurationName = Release;
		};
		59F2C4C023C226660040077D /* Build configuration list for PBXNativeTarget "BlackBeans" */ = {
			isa = XCConfigurationList;
			buildConfigurations = (
				59F2C4C123C226660040077D /* Debug */,
				59F2C4C223C226660040077D /* Release */,
			);
			defaultConfigurationIsVisible = 0;
			defaultConfigurationName = Release;
		};
/* End XCConfigurationList section */

/* Begin XCVersionGroup section */
		59F2C4B023C226610040077D /* BlackBeans.xcdatamodeld */ = {
			isa = XCVersionGroup;
			children = (
				59F2C4B123C226610040077D /* BlackBeans.xcdatamodel */,
			);
			currentVersion = 59F2C4B123C226610040077D /* BlackBeans.xcdatamodel */;
			path = BlackBeans.xcdatamodeld;
			sourceTree = "<group>";
			versionGroupType = wrapper.xcdatamodel;
		};
/* End XCVersionGroup section */
	};
	rootObject = 59F2C4A123C226610040077D /* Project object */;
}
