// !$*UTF8*$!
{
	archiveVersion = 1;
	classes = {
	};
	objectVersion = 50;
	objects = {

/* Begin PBXBuildFile section */
		59446D7D23CB4FD000BC8176 /* CoreData.swift in Sources */ = {isa = PBXBuildFile; fileRef = 59446D7C23CB4FD000BC8176 /* CoreData.swift */; };
		5947E6F223D1FD590012997E /* MainView.swift in Sources */ = {isa = PBXBuildFile; fileRef = 5947E6F123D1FD590012997E /* MainView.swift */; };
		5947E6F423D1FD6A0012997E /* AddBeanView.swift in Sources */ = {isa = PBXBuildFile; fileRef = 5947E6F323D1FD6A0012997E /* AddBeanView.swift */; };
		59C780C423C2723A000EFB5B /* Bean+Extension.swift in Sources */ = {isa = PBXBuildFile; fileRef = 59C780C323C2723A000EFB5B /* Bean+Extension.swift */; };
		59F2C4AD23C226610040077D /* AppDelegate.swift in Sources */ = {isa = PBXBuildFile; fileRef = 59F2C4AC23C226610040077D /* AppDelegate.swift */; };
		59F2C4AF23C226610040077D /* SceneDelegate.swift in Sources */ = {isa = PBXBuildFile; fileRef = 59F2C4AE23C226610040077D /* SceneDelegate.swift */; };
		59F2C4B223C226610040077D /* BlackBeans.xcdatamodeld in Sources */ = {isa = PBXBuildFile; fileRef = 59F2C4B023C226610040077D /* BlackBeans.xcdatamodeld */; };
		59F2C4B623C226660040077D /* Assets.xcassets in Resources */ = {isa = PBXBuildFile; fileRef = 59F2C4B523C226660040077D /* Assets.xcassets */; };
		59F2C4B923C226660040077D /* Preview Assets.xcassets in Resources */ = {isa = PBXBuildFile; fileRef = 59F2C4B823C226660040077D /* Preview Assets.xcassets */; };
		59F2C4BC23C226660040077D /* LaunchScreen.storyboard in Resources */ = {isa = PBXBuildFile; fileRef = 59F2C4BA23C226660040077D /* LaunchScreen.storyboard */; };
/* End PBXBuildFile section */

/* Begin PBXFileReference section */
		59446D7C23CB4FD000BC8176 /* CoreData.swift */ = {isa = PBXFileReference; lastKnownFileType = sourcecode.swift; path = CoreData.swift; sourceTree = "<group>"; };
		5947E6F123D1FD590012997E /* MainView.swift */ = {isa = PBXFileReference; fileEncoding = 4; lastKnownFileType = sourcecode.swift; path = MainView.swift; sourceTree = "<group>"; };
		5947E6F323D1FD6A0012997E /* AddBeanView.swift */ = {isa = PBXFileReference; lastKnownFileType = sourcecode.swift; path = AddBeanView.swift; sourceTree = "<group>"; };
		59C780C323C2723A000EFB5B /* Bean+Extension.swift */ = {isa = PBXFileReference; lastKnownFileType = sourcecode.swift; path = "Bean+Extension.swift"; sourceTree = "<group>"; };
		59F2C4A923C226610040077D /* BlackBeans.app */ = {isa = PBXFileReference; explicitFileType = wrapper.application; includeInIndex = 0; path = BlackBeans.app; sourceTree = BUILT_PRODUCTS_DIR; };
		59F2C4AC23C226610040077D /* AppDelegate.swift */ = {isa = PBXFileReference; lastKnownFileType = sourcecode.swift; path = AppDelegate.swift; sourceTree = "<group>"; };
		59F2C4AE23C226610040077D /* SceneDelegate.swift */ = {isa = PBXFileReference; lastKnownFileType = sourcecode.swift; path = SceneDelegate.swift; sourceTree = "<group>"; };
		59F2C4B123C226610040077D /* BlackBeans.xcdatamodel */ = {isa = PBXFileReference; lastKnownFileType = wrapper.xcdatamodel; path = BlackBeans.xcdatamodel; sourceTree = "<group>"; };
		59F2C4B523C226660040077D /* Assets.xcassets */ = {isa = PBXFileReference; lastKnownFileType = folder.assetcatalog; path = Assets.xcassets; sourceTree = "<group>"; };
		59F2C4B823C226660040077D /* Preview Assets.xcassets */ = {isa = PBXFileReference; lastKnownFileType = folder.assetcatalog; path = "Preview Assets.xcassets"; sourceTree = "<group>"; };
		59F2C4BB23C226660040077D /* Base */ = {isa = PBXFileReference; lastKnownFileType = file.storyboard; name = Base; path = Base.lproj/LaunchScreen.storyboard; sourceTree = "<group>"; };
		59F2C4BD23C226660040077D /* Info.plist */ = {isa = PBXFileReference; lastKnownFileType = text.plist.xml; path = Info.plist; sourceTree = "<group>"; };
/* End PBXFileReference section */

/* Begin PBXFrameworksBuildPhase section */
		59F2C4A623C226610040077D /* Frameworks */ = {
			isa = PBXFrameworksBuildPhase;
			buildActionMask = 2147483647;
			files = (
			);
			runOnlyForDeploymentPostprocessing = 0;
		};
/* End PBXFrameworksBuildPhase section */

/* Begin PBXGroup section */
		59A621C523D1F8B7006C7750 /* Application */ = {
			isa = PBXGroup;
			children = (
				59F2C4AC23C226610040077D /* AppDelegate.swift */,
				59F2C4AE23C226610040077D /* SceneDelegate.swift */,
				59F2C4BA23C226660040077D /* LaunchScreen.storyboard */,
				59F2C4BD23C226660040077D /* Info.plist */,
				59F2C4B523C226660040077D /* Assets.xcassets */,
				59F2C4B723C226660040077D /* Preview Content */,
			);
			path = Application;
			sourceTree = "<group>";
		};
		59A621C623D1F8D4006C7750 /* Persistency */ = {
			isa = PBXGroup;
			children = (
				59446D7C23CB4FD000BC8176 /* CoreData.swift */,
				59C780C323C2723A000EFB5B /* Bean+Extension.swift */,
				59F2C4B023C226610040077D /* BlackBeans.xcdatamodeld */,
			);
			path = Persistency;
			sourceTree = "<group>";
		};
		59F2C4A023C226610040077D = {
			isa = PBXGroup;
			children = (
				59F2C4AB23C226610040077D /* BlackBeans */,
				59F2C4AA23C226610040077D /* Products */,
			);
			sourceTree = "<group>";
		};
		59F2C4AA23C226610040077D /* Products */ = {
			isa = PBXGroup;
			children = (
				59F2C4A923C226610040077D /* BlackBeans.app */,
			);
			name = Products;
			sourceTree = "<group>";
		};
		59F2C4AB23C226610040077D /* BlackBeans */ = {
			isa = PBXGroup;
			children = (
				5947E6F123D1FD590012997E /* MainView.swift */,
				5947E6F323D1FD6A0012997E /* AddBeanView.swift */,
				59A621C623D1F8D4006C7750 /* Persistency */,
				59A621C523D1F8B7006C7750 /* Application */,
			);
			path = BlackBeans;
			sourceTree = "<group>";
		};
		59F2C4B723C226660040077D /* Preview Content */ = {
			isa = PBXGroup;
			children = (
				59F2C4B823C226660040077D /* Preview Assets.xcassets */,
			);
			path = "Preview Content";
			sourceTree = "<group>";
		};
/* End PBXGroup section */

/* Begin PBXNativeTarget section */
		59F2C4A823C226610040077D /* BlackBeans */ = {
			isa = PBXNativeTarget;
			buildConfigurationList = 59F2C4C023C226660040077D /* Build configuration list for PBXNativeTarget "BlackBeans" */;
			buildPhases = (
				59F2C4A523C226610040077D /* Sources */,
				59F2C4A623C226610040077D /* Frameworks */,
				59F2C4A723C226610040077D /* Resources */,
			);
			buildRules = (
			);
			dependencies = (
			);
			name = BlackBeans;
			productName = BlackBeans;
			productReference = 59F2C4A923C226610040077D /* BlackBeans.app */;
			productType = "com.apple.product-type.application";
		};
/* End PBXNativeTarget section */

/* Begin PBXProject section */
		59F2C4A123C226610040077D /* Project object */ = {
			isa = PBXProject;
			attributes = {
				LastSwiftUpdateCheck = 1120;
				LastUpgradeCheck = 1120;
				ORGANIZATIONNAME = "Ricardo Gehrke Filho";
				TargetAttributes = {
					59F2C4A823C226610040077D = {
						CreatedOnToolsVersion = 11.2.1;
					};
				};
			};
			buildConfigurationList = 59F2C4A423C226610040077D /* Build configuration list for PBXProject "BlackBeans" */;
			compatibilityVersion = "Xcode 9.3";
			developmentRegion = en;
			hasScannedForEncodings = 0;
			knownRegions = (
				en,
				Base,
			);
			mainGroup = 59F2C4A023C226610040077D;
			productRefGroup = 59F2C4AA23C226610040077D /* Products */;
			projectDirPath = "";
			projectRoot = "";
			targets = (
				59F2C4A823C226610040077D /* BlackBeans */,
			);
		};
/* End PBXProject section */

/* Begin PBXResourcesBuildPhase section */
		59F2C4A723C226610040077D /* Resources */ = {
			isa = PBXResourcesBuildPhase;
			buildActionMask = 2147483647;
			files = (
				59F2C4BC23C226660040077D /* LaunchScreen.storyboard in Resources */,
				59F2C4B923C226660040077D /* Preview Assets.xcassets in Resources */,
				59F2C4B623C226660040077D /* Assets.xcassets in Resources */,
			);
			runOnlyForDeploymentPostprocessing = 0;
		};
/* End PBXResourcesBuildPhase section */

/* Begin PBXSourcesBuildPhase section */
		59F2C4A523C226610040077D /* Sources */ = {
			isa = PBXSourcesBuildPhase;
			buildActionMask = 2147483647;
			files = (
				59F2C4AD23C226610040077D /* AppDelegate.swift in Sources */,
				59F2C4AF23C226610040077D /* SceneDelegate.swift in Sources */,
				5947E6F223D1FD590012997E /* MainView.swift in Sources */,
				59F2C4B223C226610040077D /* BlackBeans.xcdatamodeld in Sources */,
				59446D7D23CB4FD000BC8176 /* CoreData.swift in Sources */,
				59C780C423C2723A000EFB5B /* Bean+Extension.swift in Sources */,
				5947E6F423D1FD6A0012997E /* AddBeanView.swift in Sources */,
			);
			runOnlyForDeploymentPostprocessing = 0;
		};
/* End PBXSourcesBuildPhase section */

/* Begin PBXVariantGroup section */
		59F2C4BA23C226660040077D /* LaunchScreen.storyboard */ = {
			isa = PBXVariantGroup;
			children = (
				59F2C4BB23C226660040077D /* Base */,
			);
			name = LaunchScreen.storyboard;
			sourceTree = "<group>";
		};
/* End PBXVariantGroup section */

/* Begin XCBuildConfiguration section */
		59F2C4BE23C226660040077D /* Debug */ = {
			isa = XCBuildConfiguration;
			buildSettings = {
				ALWAYS_SEARCH_USER_PATHS = NO;
				CLANG_ANALYZER_NONNULL = YES;
				CLANG_ANALYZER_NUMBER_OBJECT_CONVERSION = YES_AGGRESSIVE;
				CLANG_CXX_LANGUAGE_STANDARD = "gnu++14";
				CLANG_CXX_LIBRARY = "libc++";
				CLANG_ENABLE_MODULES = YES;
				CLANG_ENABLE_OBJC_ARC = YES;
				CLANG_ENABLE_OBJC_WEAK = YES;
				CLANG_WARN_BLOCK_CAPTURE_AUTORELEASING = YES;
				CLANG_WARN_BOOL_CONVERSION = YES;
				CLANG_WARN_COMMA = YES;
				CLANG_WARN_CONSTANT_CONVERSION = YES;
				CLANG_WARN_DEPRECATED_OBJC_IMPLEMENTATIONS = YES;
				CLANG_WARN_DIRECT_OBJC_ISA_USAGE = YES_ERROR;
				CLANG_WARN_DOCUMENTATION_COMMENTS = YES;
				CLANG_WARN_EMPTY_BODY = YES;
				CLANG_WARN_ENUM_CONVERSION = YES;
				CLANG_WARN_INFINITE_RECURSION = YES;
				CLANG_WARN_INT_CONVERSION = YES;
				CLANG_WARN_NON_LITERAL_NULL_CONVERSION = YES;
				CLANG_WARN_OBJC_IMPLICIT_RETAIN_SELF = YES;
				CLANG_WARN_OBJC_LITERAL_CONVERSION = YES;
				CLANG_WARN_OBJC_ROOT_CLASS = YES_ERROR;
				CLANG_WARN_RANGE_LOOP_ANALYSIS = YES;
				CLANG_WARN_STRICT_PROTOTYPES = YES;
				CLANG_WARN_SUSPICIOUS_MOVE = YES;
				CLANG_WARN_UNGUARDED_AVAILABILITY = YES_AGGRESSIVE;
				CLANG_WARN_UNREACHABLE_CODE = YES;
				CLANG_WARN__DUPLICATE_METHOD_MATCH = YES;
				COPY_PHASE_STRIP = NO;
				DEBUG_INFORMATION_FORMAT = dwarf;
				ENABLE_STRICT_OBJC_MSGSEND = YES;
				ENABLE_TESTABILITY = YES;
				GCC_C_LANGUAGE_STANDARD = gnu11;
				GCC_DYNAMIC_NO_PIC = NO;
				GCC_NO_COMMON_BLOCKS = YES;
				GCC_OPTIMIZATION_LEVEL = 0;
				GCC_PREPROCESSOR_DEFINITIONS = (
					"DEBUG=1",
					"$(inherited)",
				);
				GCC_WARN_64_TO_32_BIT_CONVERSION = YES;
				GCC_WARN_ABOUT_RETURN_TYPE = YES_ERROR;
				GCC_WARN_UNDECLARED_SELECTOR = YES;
				GCC_WARN_UNINITIALIZED_AUTOS = YES_AGGRESSIVE;
				GCC_WARN_UNUSED_FUNCTION = YES;
				GCC_WARN_UNUSED_VARIABLE = YES;
				IPHONEOS_DEPLOYMENT_TARGET = 13.2;
				MTL_ENABLE_DEBUG_INFO = INCLUDE_SOURCE;
				MTL_FAST_MATH = YES;
				ONLY_ACTIVE_ARCH = YES;
				SDKROOT = iphoneos;
				SWIFT_ACTIVE_COMPILATION_CONDITIONS = DEBUG;
				SWIFT_OPTIMIZATION_LEVEL = "-Onone";
			};
			name = Debug;
		};
		59F2C4BF23C226660040077D /* Release */ = {
			isa = XCBuildConfiguration;
			buildSettings = {
				ALWAYS_SEARCH_USER_PATHS = NO;
				CLANG_ANALYZER_NONNULL = YES;
				CLANG_ANALYZER_NUMBER_OBJECT_CONVERSION = YES_AGGRESSIVE;
				CLANG_CXX_LANGUAGE_STANDARD = "gnu++14";
				CLANG_CXX_LIBRARY = "libc++";
				CLANG_ENABLE_MODULES = YES;
				CLANG_ENABLE_OBJC_ARC = YES;
				CLANG_ENABLE_OBJC_WEAK = YES;
				CLANG_WARN_BLOCK_CAPTURE_AUTORELEASING = YES;
				CLANG_WARN_BOOL_CONVERSION = YES;
				CLANG_WARN_COMMA = YES;
				CLANG_WARN_CONSTANT_CONVERSION = YES;
				CLANG_WARN_DEPRECATED_OBJC_IMPLEMENTATIONS = YES;
				CLANG_WARN_DIRECT_OBJC_ISA_USAGE = YES_ERROR;
				CLANG_WARN_DOCUMENTATION_COMMENTS = YES;
				CLANG_WARN_EMPTY_BODY = YES;
				CLANG_WARN_ENUM_CONVERSION = YES;
				CLANG_WARN_INFINITE_RECURSION = YES;
				CLANG_WARN_INT_CONVERSION = YES;
				CLANG_WARN_NON_LITERAL_NULL_CONVERSION = YES;
				CLANG_WARN_OBJC_IMPLICIT_RETAIN_SELF = YES;
				CLANG_WARN_OBJC_LITERAL_CONVERSION = YES;
				CLANG_WARN_OBJC_ROOT_CLASS = YES_ERROR;
				CLANG_WARN_RANGE_LOOP_ANALYSIS = YES;
				CLANG_WARN_STRICT_PROTOTYPES = YES;
				CLANG_WARN_SUSPICIOUS_MOVE = YES;
				CLANG_WARN_UNGUARDED_AVAILABILITY = YES_AGGRESSIVE;
				CLANG_WARN_UNREACHABLE_CODE = YES;
				CLANG_WARN__DUPLICATE_METHOD_MATCH = YES;
				COPY_PHASE_STRIP = NO;
				DEBUG_INFORMATION_FORMAT = "dwarf-with-dsym";
				ENABLE_NS_ASSERTIONS = NO;
				ENABLE_STRICT_OBJC_MSGSEND = YES;
				GCC_C_LANGUAGE_STANDARD = gnu11;
				GCC_NO_COMMON_BLOCKS = YES;
				GCC_WARN_64_TO_32_BIT_CONVERSION = YES;
				GCC_WARN_ABOUT_RETURN_TYPE = YES_ERROR;
				GCC_WARN_UNDECLARED_SELECTOR = YES;
				GCC_WARN_UNINITIALIZED_AUTOS = YES_AGGRESSIVE;
				GCC_WARN_UNUSED_FUNCTION = YES;
				GCC_WARN_UNUSED_VARIABLE = YES;
				IPHONEOS_DEPLOYMENT_TARGET = 13.2;
				MTL_ENABLE_DEBUG_INFO = NO;
				MTL_FAST_MATH = YES;
				SDKROOT = iphoneos;
				SWIFT_COMPILATION_MODE = wholemodule;
				SWIFT_OPTIMIZATION_LEVEL = "-O";
				VALIDATE_PRODUCT = YES;
			};
			name = Release;
		};
		59F2C4C123C226660040077D /* Debug */ = {
			isa = XCBuildConfiguration;
			buildSettings = {
				ASSETCATALOG_COMPILER_APPICON_NAME = AppIcon;
				CODE_SIGN_STYLE = Automatic;
				DEVELOPMENT_ASSET_PATHS = "\"BlackBeans/Application/Preview Content\"";
				DEVELOPMENT_TEAM = 2T9EKFYB5P;
				ENABLE_PREVIEWS = YES;
				INFOPLIST_FILE = "$(SRCROOT)/BlackBeans/Application/Info.plist";
				LD_RUNPATH_SEARCH_PATHS = (
					"$(inherited)",
					"@executable_path/Frameworks",
				);
				PRODUCT_BUNDLE_IDENTIFIER = com.rrghkf.BlackBeans;
				PRODUCT_NAME = "$(TARGET_NAME)";
				SWIFT_VERSION = 5.0;
				TARGETED_DEVICE_FAMILY = "1,2";
			};
			name = Debug;
		};
		59F2C4C223C226660040077D /* Release */ = {
			isa = XCBuildConfiguration;
			buildSettings = {
				ASSETCATALOG_COMPILER_APPICON_NAME = AppIcon;
				CODE_SIGN_STYLE = Automatic;
				DEVELOPMENT_ASSET_PATHS = "\"BlackBeans/Application/Preview Content\"";
				DEVELOPMENT_TEAM = 2T9EKFYB5P;
				ENABLE_PREVIEWS = YES;
				INFOPLIST_FILE = "$(SRCROOT)/BlackBeans/Application/Info.plist";
				LD_RUNPATH_SEARCH_PATHS = (
					"$(inherited)",
					"@executable_path/Frameworks",
				);
				PRODUCT_BUNDLE_IDENTIFIER = com.rrghkf.BlackBeans;
				PRODUCT_NAME = "$(TARGET_NAME)";
				SWIFT_VERSION = 5.0;
				TARGETED_DEVICE_FAMILY = "1,2";
			};
			name = Release;
		};
/* End XCBuildConfiguration section */

/* Begin XCConfigurationList section */
		59F2C4A423C226610040077D /* Build configuration list for PBXProject "BlackBeans" */ = {
			isa = XCConfigurationList;
			buildConfigurations = (
				59F2C4BE23C226660040077D /* Debug */,
				59F2C4BF23C226660040077D /* Release */,
			);
			defaultConfigurationIsVisible = 0;
			defaultConfigurationName = Release;
		};
		59F2C4C023C226660040077D /* Build configuration list for PBXNativeTarget "BlackBeans" */ = {
			isa = XCConfigurationList;
			buildConfigurations = (
				59F2C4C123C226660040077D /* Debug */,
				59F2C4C223C226660040077D /* Release */,
			);
			defaultConfigurationIsVisible = 0;
			defaultConfigurationName = Release;
		};
/* End XCConfigurationList section */

/* Begin XCVersionGroup section */
		59F2C4B023C226610040077D /* BlackBeans.xcdatamodeld */ = {
			isa = XCVersionGroup;
			children = (
				59F2C4B123C226610040077D /* BlackBeans.xcdatamodel */,
			);
			currentVersion = 59F2C4B123C226610040077D /* BlackBeans.xcdatamodel */;
			path = BlackBeans.xcdatamodeld;
			sourceTree = "<group>";
			versionGroupType = wrapper.xcdatamodel;
		};
/* End XCVersionGroup section */
	};
	rootObject = 59F2C4A123C226610040077D /* Project object */;
}
