// !$*UTF8*$!
{
	archiveVersion = 1;
	classes = {
	};
	objectVersion = 50;
	objects = {

/* Begin PBXBuildFile section */
		592C748725A5AF6B009C3C2C /* SelectAccountCellView.swift in Sources */ = {isa = PBXBuildFile; fileRef = 592C748625A5AF6B009C3C2C /* SelectAccountCellView.swift */; };
		592F9E3625AB06520032EE37 /* README.md in Resources */ = {isa = PBXBuildFile; fileRef = 592F9E3525AB06520032EE37 /* README.md */; };
		592FE3C025C15A9100E2F227 /* TabsViewModelTests.swift in Sources */ = {isa = PBXBuildFile; fileRef = 592FE3BF25C15A9100E2F227 /* TabsViewModelTests.swift */; };
		592FE3C425C15AA400E2F227 /* MainViewModelTests.swift in Sources */ = {isa = PBXBuildFile; fileRef = 592FE3C325C15AA400E2F227 /* MainViewModelTests.swift */; };
		59376196260BDDBE001FD759 /* AccountSelectionListView.swift in Sources */ = {isa = PBXBuildFile; fileRef = 59376195260BDDBE001FD759 /* AccountSelectionListView.swift */; };
		59378034257FB5B600A71B6A /* SelectColorView.swift in Sources */ = {isa = PBXBuildFile; fileRef = 59378033257FB5B600A71B6A /* SelectColorView.swift */; };
		595F605B257194B300B7DEEF /* EditItemView.swift in Sources */ = {isa = PBXBuildFile; fileRef = 595F605A257194B300B7DEEF /* EditItemView.swift */; };
		595F606325728FE200B7DEEF /* EditItemViewModel.swift in Sources */ = {isa = PBXBuildFile; fileRef = 595F606225728FE200B7DEEF /* EditItemViewModel.swift */; };
		595F606B2572905D00B7DEEF /* EditItemViewModelTests.swift in Sources */ = {isa = PBXBuildFile; fileRef = 595F606A2572905D00B7DEEF /* EditItemViewModelTests.swift */; };
		595F60852573B40E00B7DEEF /* FormTextField.swift in Sources */ = {isa = PBXBuildFile; fileRef = 595F60842573B40E00B7DEEF /* FormTextField.swift */; };
		5968549825A6594300D86679 /* UserSession.swift in Sources */ = {isa = PBXBuildFile; fileRef = 5968549725A6594300D86679 /* UserSession.swift */; };
		596B311825792B1C00408346 /* EditAccountView.swift in Sources */ = {isa = PBXBuildFile; fileRef = 596B311725792B1C00408346 /* EditAccountView.swift */; };
		596B311E25792B2900408346 /* EditAccountViewModel.swift in Sources */ = {isa = PBXBuildFile; fileRef = 596B311D25792B2900408346 /* EditAccountViewModel.swift */; };
		596B312225792F7F00408346 /* TabsView.swift in Sources */ = {isa = PBXBuildFile; fileRef = 596B312125792F7F00408346 /* TabsView.swift */; };
		596B3126257930DB00408346 /* AccountsListView.swift in Sources */ = {isa = PBXBuildFile; fileRef = 596B3125257930DB00408346 /* AccountsListView.swift */; };
		596BA806257AF1B900C6BDC5 /* NSDecimalNumber+Extension.swift in Sources */ = {isa = PBXBuildFile; fileRef = 596BA805257AF1B900C6BDC5 /* NSDecimalNumber+Extension.swift */; };
		597AA0CD257D88E4007A946B /* Color+Extension.swift in Sources */ = {isa = PBXBuildFile; fileRef = 597AA0CC257D88E4007A946B /* Color+Extension.swift */; };
		597AA0D1257E5C13007A946B /* StatefulPreviewWrapper.swift in Sources */ = {isa = PBXBuildFile; fileRef = 597AA0D0257E5C13007A946B /* StatefulPreviewWrapper.swift */; };
		597B05462580F74E0012C2D6 /* AccountCell.swift in Sources */ = {isa = PBXBuildFile; fileRef = 597B05452580F74E0012C2D6 /* AccountCell.swift */; };
		597DCF2225779E85004B6CDB /* TestableScheduler.swift in Sources */ = {isa = PBXBuildFile; fileRef = 597DCF2125779E85004B6CDB /* TestableScheduler.swift */; };
		597DCF2625780D66004B6CDB /* CurrencyTextField.swift in Sources */ = {isa = PBXBuildFile; fileRef = 597DCF2525780D66004B6CDB /* CurrencyTextField.swift */; };
		598BFD1E258C2CA300D75FE3 /* Item+Extension.swift in Sources */ = {isa = PBXBuildFile; fileRef = 598BFD1D258C2CA300D75FE3 /* Item+Extension.swift */; };
		599304F325B6434F00E76B38 /* AlertMessage.swift in Sources */ = {isa = PBXBuildFile; fileRef = 599304F225B6434F00E76B38 /* AlertMessage.swift */; };
		599E48D5258BF5CE009A5E44 /* AccountTests.swift in Sources */ = {isa = PBXBuildFile; fileRef = 599E48D4258BF5CE009A5E44 /* AccountTests.swift */; };
		599E48D9258BF726009A5E44 /* Account+Extension.swift in Sources */ = {isa = PBXBuildFile; fileRef = 599E48D8258BF726009A5E44 /* Account+Extension.swift */; };
		59A5B20625ACB9920086D335 /* LogInView.swift in Sources */ = {isa = PBXBuildFile; fileRef = 59A5B20525ACB9920086D335 /* LogInView.swift */; };
		59A5B20C25ACB99C0086D335 /* LogInViewModel.swift in Sources */ = {isa = PBXBuildFile; fileRef = 59A5B20B25ACB99C0086D335 /* LogInViewModel.swift */; };
		59A5B21025ACB9B90086D335 /* LogInViewModelTests.swift in Sources */ = {isa = PBXBuildFile; fileRef = 59A5B20F25ACB9B90086D335 /* LogInViewModelTests.swift */; };
		59ACFE1925BA13750025EB70 /* UserSessionTests.swift in Sources */ = {isa = PBXBuildFile; fileRef = 59ACFE1825BA13750025EB70 /* UserSessionTests.swift */; };
		59ACFE2B25BEE2220025EB70 /* XCTestCase+Extension.swift in Sources */ = {isa = PBXBuildFile; fileRef = 59ACFE2A25BEE2220025EB70 /* XCTestCase+Extension.swift */; };
		59B04746256E6C6F0095A8FB /* BeansApp.swift in Sources */ = {isa = PBXBuildFile; fileRef = 59B04745256E6C6F0095A8FB /* BeansApp.swift */; };
		59B0474A256E6C720095A8FB /* Assets.xcassets in Resources */ = {isa = PBXBuildFile; fileRef = 59B04749256E6C720095A8FB /* Assets.xcassets */; };
		59B0474F256E6C720095A8FB /* CoreDataController.swift in Sources */ = {isa = PBXBuildFile; fileRef = 59B0474E256E6C720095A8FB /* CoreDataController.swift */; };
		59B04752256E6C720095A8FB /* Beans.xcdatamodeld in Sources */ = {isa = PBXBuildFile; fileRef = 59B04750256E6C720095A8FB /* Beans.xcdatamodeld */; };
		59B0DBAD25C0AE7500F6BA96 /* MainView.swift in Sources */ = {isa = PBXBuildFile; fileRef = 59B0DBAC25C0AE7500F6BA96 /* MainView.swift */; };
		59B0DBB125C0AE7F00F6BA96 /* MainViewModel.swift in Sources */ = {isa = PBXBuildFile; fileRef = 59B0DBB025C0AE7F00F6BA96 /* MainViewModel.swift */; };
		59B0DBB525C0AEEC00F6BA96 /* TabsViewModel.swift in Sources */ = {isa = PBXBuildFile; fileRef = 59B0DBB425C0AEEC00F6BA96 /* TabsViewModel.swift */; };
		59B4DBD625D7E68E00B61E47 /* AccountResponse.swift in Sources */ = {isa = PBXBuildFile; fileRef = 59B4DBD525D7E68E00B61E47 /* AccountResponse.swift */; };
		59B4DBDA25D7F74200B61E47 /* GetResourceResponse.swift in Sources */ = {isa = PBXBuildFile; fileRef = 59B4DBD925D7F74200B61E47 /* GetResourceResponse.swift */; };
		59BCD5D32583748F00E9BF58 /* ItemCell.swift in Sources */ = {isa = PBXBuildFile; fileRef = 59BCD5D22583748F00E9BF58 /* ItemCell.swift */; };
		59CAEBAD25AB9E9C007F5E93 /* User.swift in Sources */ = {isa = PBXBuildFile; fileRef = 59CAEBAC25AB9E9C007F5E93 /* User.swift */; };
		59CAEBBB25ABA5C0007F5E93 /* SignUpView.swift in Sources */ = {isa = PBXBuildFile; fileRef = 59CAEBBA25ABA5C0007F5E93 /* SignUpView.swift */; };
		59CAEBBF25ABA5C9007F5E93 /* SignUpViewModel.swift in Sources */ = {isa = PBXBuildFile; fileRef = 59CAEBBE25ABA5C9007F5E93 /* SignUpViewModel.swift */; };
		59CAEBC325ABA7E7007F5E93 /* SignUpViewModelTests.swift in Sources */ = {isa = PBXBuildFile; fileRef = 59CAEBC225ABA7E7007F5E93 /* SignUpViewModelTests.swift */; };
		59CF7B722730A8CC00A507AC /* FormCurrencyTextField.swift in Sources */ = {isa = PBXBuildFile; fileRef = 59CF7B712730A8CC00A507AC /* FormCurrencyTextField.swift */; };
		59D64D2825A6085D003557EA /* ProfileView.swift in Sources */ = {isa = PBXBuildFile; fileRef = 59D64D2725A6085D003557EA /* ProfileView.swift */; };
		59D64D2E25A6086A003557EA /* ProfileViewModel.swift in Sources */ = {isa = PBXBuildFile; fileRef = 59D64D2D25A6086A003557EA /* ProfileViewModel.swift */; };
		59D64D3225A60BDA003557EA /* ProfileViewModelTests.swift in Sources */ = {isa = PBXBuildFile; fileRef = 59D64D3125A60BDA003557EA /* ProfileViewModelTests.swift */; };
		59DE0ACD25D49562001B89DF /* URLProtocolMock.swift in Sources */ = {isa = PBXBuildFile; fileRef = 59DE0ACC25D49562001B89DF /* URLProtocolMock.swift */; };
		59E0064025ADA8F300630AB7 /* API.swift in Sources */ = {isa = PBXBuildFile; fileRef = 59E0063F25ADA8F300630AB7 /* API.swift */; };
		59E6A66D25A5E8FB007638D0 /* RecentItemsView.swift in Sources */ = {isa = PBXBuildFile; fileRef = 59B04747256E6C6F0095A8FB /* RecentItemsView.swift */; };
		59E6A67225A5E99C007638D0 /* Preview Assets.xcassets in Resources */ = {isa = PBXBuildFile; fileRef = 59B0474C256E6C720095A8FB /* Preview Assets.xcassets */; };
		59E7518825C37E010010F558 /* APISyncTests.swift in Sources */ = {isa = PBXBuildFile; fileRef = 59E7518725C37E010010F558 /* APISyncTests.swift */; };
		59E7518E25C37E260010F558 /* APISync.swift in Sources */ = {isa = PBXBuildFile; fileRef = 59E7518D25C37E260010F558 /* APISync.swift */; };
		59EE0DDD257940F600CF1076 /* EditAccountViewModelTests.swift in Sources */ = {isa = PBXBuildFile; fileRef = 59EE0DDC257940F600CF1076 /* EditAccountViewModelTests.swift */; };
		BA8442A8275E319600DB295B /* SelectCategoryCellView.swift in Sources */ = {isa = PBXBuildFile; fileRef = BA8442A7275E319600DB295B /* SelectCategoryCellView.swift */; };
		BAB489772750404D001DDAB7 /* CategoryList.swift in Sources */ = {isa = PBXBuildFile; fileRef = BAB489762750404D001DDAB7 /* CategoryList.swift */; };
		BAB48979275045A4001DDAB7 /* CategoryCell.swift in Sources */ = {isa = PBXBuildFile; fileRef = BAB48978275045A4001DDAB7 /* CategoryCell.swift */; };
		BAB4897D27504F28001DDAB7 /* EditCategoryView.swift in Sources */ = {isa = PBXBuildFile; fileRef = BAB4897C27504F28001DDAB7 /* EditCategoryView.swift */; };
		BAB4897F275050C6001DDAB7 /* EditCategoryViewModel.swift in Sources */ = {isa = PBXBuildFile; fileRef = BAB4897E275050C6001DDAB7 /* EditCategoryViewModel.swift */; };
		BADA22A0275231790040B979 /* SelectCategoryIconView.swift in Sources */ = {isa = PBXBuildFile; fileRef = BADA229F275231790040B979 /* SelectCategoryIconView.swift */; };
		BADA22A22752318D0040B979 /* CategoryIcons.swift in Sources */ = {isa = PBXBuildFile; fileRef = BADA22A12752318D0040B979 /* CategoryIcons.swift */; };
		BAEDF40A275E9F71003B390F /* SelectCategoryListView.swift in Sources */ = {isa = PBXBuildFile; fileRef = BAEDF409275E9F71003B390F /* SelectCategoryListView.swift */; };
/* End PBXBuildFile section */

/* Begin PBXContainerItemProxy section */
		59B04759256E6C720095A8FB /* PBXContainerItemProxy */ = {
			isa = PBXContainerItemProxy;
			containerPortal = 59B0473A256E6C6F0095A8FB /* Project object */;
			proxyType = 1;
			remoteGlobalIDString = 59B04741256E6C6F0095A8FB;
			remoteInfo = Beans;
		};
/* End PBXContainerItemProxy section */

/* Begin PBXFileReference section */
		592C748625A5AF6B009C3C2C /* SelectAccountCellView.swift */ = {isa = PBXFileReference; lastKnownFileType = sourcecode.swift; path = SelectAccountCellView.swift; sourceTree = "<group>"; };
		592F9E3525AB06520032EE37 /* README.md */ = {isa = PBXFileReference; fileEncoding = 4; lastKnownFileType = net.daringfireball.markdown; path = README.md; sourceTree = "<group>"; };
		592FE3BF25C15A9100E2F227 /* TabsViewModelTests.swift */ = {isa = PBXFileReference; lastKnownFileType = sourcecode.swift; path = TabsViewModelTests.swift; sourceTree = "<group>"; };
		592FE3C325C15AA400E2F227 /* MainViewModelTests.swift */ = {isa = PBXFileReference; lastKnownFileType = sourcecode.swift; path = MainViewModelTests.swift; sourceTree = "<group>"; };
		59376195260BDDBE001FD759 /* AccountSelectionListView.swift */ = {isa = PBXFileReference; lastKnownFileType = sourcecode.swift; path = AccountSelectionListView.swift; sourceTree = "<group>"; };
		59378033257FB5B600A71B6A /* SelectColorView.swift */ = {isa = PBXFileReference; lastKnownFileType = sourcecode.swift; path = SelectColorView.swift; sourceTree = "<group>"; };
		595F605A257194B300B7DEEF /* EditItemView.swift */ = {isa = PBXFileReference; lastKnownFileType = sourcecode.swift; path = EditItemView.swift; sourceTree = "<group>"; };
		595F606225728FE200B7DEEF /* EditItemViewModel.swift */ = {isa = PBXFileReference; lastKnownFileType = sourcecode.swift; path = EditItemViewModel.swift; sourceTree = "<group>"; };
		595F606A2572905D00B7DEEF /* EditItemViewModelTests.swift */ = {isa = PBXFileReference; lastKnownFileType = sourcecode.swift; path = EditItemViewModelTests.swift; sourceTree = "<group>"; };
		595F60842573B40E00B7DEEF /* FormTextField.swift */ = {isa = PBXFileReference; lastKnownFileType = sourcecode.swift; path = FormTextField.swift; sourceTree = "<group>"; };
		5968549725A6594300D86679 /* UserSession.swift */ = {isa = PBXFileReference; lastKnownFileType = sourcecode.swift; path = UserSession.swift; sourceTree = "<group>"; };
		596B311725792B1C00408346 /* EditAccountView.swift */ = {isa = PBXFileReference; lastKnownFileType = sourcecode.swift; path = EditAccountView.swift; sourceTree = "<group>"; };
		596B311D25792B2900408346 /* EditAccountViewModel.swift */ = {isa = PBXFileReference; lastKnownFileType = sourcecode.swift; path = EditAccountViewModel.swift; sourceTree = "<group>"; };
		596B312125792F7F00408346 /* TabsView.swift */ = {isa = PBXFileReference; lastKnownFileType = sourcecode.swift; path = TabsView.swift; sourceTree = "<group>"; };
		596B3125257930DB00408346 /* AccountsListView.swift */ = {isa = PBXFileReference; lastKnownFileType = sourcecode.swift; path = AccountsListView.swift; sourceTree = "<group>"; };
		596BA805257AF1B900C6BDC5 /* NSDecimalNumber+Extension.swift */ = {isa = PBXFileReference; lastKnownFileType = sourcecode.swift; path = "NSDecimalNumber+Extension.swift"; sourceTree = "<group>"; };
		597AA0CC257D88E4007A946B /* Color+Extension.swift */ = {isa = PBXFileReference; lastKnownFileType = sourcecode.swift; path = "Color+Extension.swift"; sourceTree = "<group>"; };
		597AA0D0257E5C13007A946B /* StatefulPreviewWrapper.swift */ = {isa = PBXFileReference; lastKnownFileType = sourcecode.swift; path = StatefulPreviewWrapper.swift; sourceTree = "<group>"; };
		597B05452580F74E0012C2D6 /* AccountCell.swift */ = {isa = PBXFileReference; lastKnownFileType = sourcecode.swift; path = AccountCell.swift; sourceTree = "<group>"; };
		597DCF2125779E85004B6CDB /* TestableScheduler.swift */ = {isa = PBXFileReference; lastKnownFileType = sourcecode.swift; path = TestableScheduler.swift; sourceTree = "<group>"; };
		597DCF2525780D66004B6CDB /* CurrencyTextField.swift */ = {isa = PBXFileReference; lastKnownFileType = sourcecode.swift; path = CurrencyTextField.swift; sourceTree = "<group>"; };
		598BFD1D258C2CA300D75FE3 /* Item+Extension.swift */ = {isa = PBXFileReference; lastKnownFileType = sourcecode.swift; path = "Item+Extension.swift"; sourceTree = "<group>"; };
		599304F225B6434F00E76B38 /* AlertMessage.swift */ = {isa = PBXFileReference; lastKnownFileType = sourcecode.swift; path = AlertMessage.swift; sourceTree = "<group>"; };
		599E48D4258BF5CE009A5E44 /* AccountTests.swift */ = {isa = PBXFileReference; lastKnownFileType = sourcecode.swift; path = AccountTests.swift; sourceTree = "<group>"; };
		599E48D8258BF726009A5E44 /* Account+Extension.swift */ = {isa = PBXFileReference; lastKnownFileType = sourcecode.swift; path = "Account+Extension.swift"; sourceTree = "<group>"; };
		59A5B20525ACB9920086D335 /* LogInView.swift */ = {isa = PBXFileReference; lastKnownFileType = sourcecode.swift; path = LogInView.swift; sourceTree = "<group>"; };
		59A5B20B25ACB99C0086D335 /* LogInViewModel.swift */ = {isa = PBXFileReference; lastKnownFileType = sourcecode.swift; path = LogInViewModel.swift; sourceTree = "<group>"; };
		59A5B20F25ACB9B90086D335 /* LogInViewModelTests.swift */ = {isa = PBXFileReference; lastKnownFileType = sourcecode.swift; path = LogInViewModelTests.swift; sourceTree = "<group>"; };
		59ACFE1825BA13750025EB70 /* UserSessionTests.swift */ = {isa = PBXFileReference; lastKnownFileType = sourcecode.swift; path = UserSessionTests.swift; sourceTree = "<group>"; };
		59ACFE2A25BEE2220025EB70 /* XCTestCase+Extension.swift */ = {isa = PBXFileReference; lastKnownFileType = sourcecode.swift; path = "XCTestCase+Extension.swift"; sourceTree = "<group>"; };
		59B04742256E6C6F0095A8FB /* Beans.app */ = {isa = PBXFileReference; explicitFileType = wrapper.application; includeInIndex = 0; path = Beans.app; sourceTree = BUILT_PRODUCTS_DIR; };
		59B04745256E6C6F0095A8FB /* BeansApp.swift */ = {isa = PBXFileReference; lastKnownFileType = sourcecode.swift; path = BeansApp.swift; sourceTree = "<group>"; };
		59B04747256E6C6F0095A8FB /* RecentItemsView.swift */ = {isa = PBXFileReference; lastKnownFileType = sourcecode.swift; path = RecentItemsView.swift; sourceTree = "<group>"; };
		59B04749256E6C720095A8FB /* Assets.xcassets */ = {isa = PBXFileReference; lastKnownFileType = folder.assetcatalog; path = Assets.xcassets; sourceTree = "<group>"; };
		59B0474C256E6C720095A8FB /* Preview Assets.xcassets */ = {isa = PBXFileReference; lastKnownFileType = folder.assetcatalog; path = "Preview Assets.xcassets"; sourceTree = "<group>"; };
		59B0474E256E6C720095A8FB /* CoreDataController.swift */ = {isa = PBXFileReference; lastKnownFileType = sourcecode.swift; path = CoreDataController.swift; sourceTree = "<group>"; };
		59B04751256E6C720095A8FB /* Beans.xcdatamodel */ = {isa = PBXFileReference; lastKnownFileType = wrapper.xcdatamodel; path = Beans.xcdatamodel; sourceTree = "<group>"; };
		59B04753256E6C720095A8FB /* Info.plist */ = {isa = PBXFileReference; lastKnownFileType = text.plist.xml; path = Info.plist; sourceTree = "<group>"; };
		59B04758256E6C720095A8FB /* BeansTests.xctest */ = {isa = PBXFileReference; explicitFileType = wrapper.cfbundle; includeInIndex = 0; path = BeansTests.xctest; sourceTree = BUILT_PRODUCTS_DIR; };
		59B0475E256E6C720095A8FB /* Info.plist */ = {isa = PBXFileReference; lastKnownFileType = text.plist.xml; path = Info.plist; sourceTree = "<group>"; };
		59B0DBAC25C0AE7500F6BA96 /* MainView.swift */ = {isa = PBXFileReference; lastKnownFileType = sourcecode.swift; path = MainView.swift; sourceTree = "<group>"; };
		59B0DBB025C0AE7F00F6BA96 /* MainViewModel.swift */ = {isa = PBXFileReference; lastKnownFileType = sourcecode.swift; path = MainViewModel.swift; sourceTree = "<group>"; };
		59B0DBB425C0AEEC00F6BA96 /* TabsViewModel.swift */ = {isa = PBXFileReference; lastKnownFileType = sourcecode.swift; path = TabsViewModel.swift; sourceTree = "<group>"; };
		59B4DBD525D7E68E00B61E47 /* AccountResponse.swift */ = {isa = PBXFileReference; lastKnownFileType = sourcecode.swift; path = AccountResponse.swift; sourceTree = "<group>"; };
		59B4DBD925D7F74200B61E47 /* GetResourceResponse.swift */ = {isa = PBXFileReference; lastKnownFileType = sourcecode.swift; path = GetResourceResponse.swift; sourceTree = "<group>"; };
		59BCD5D22583748F00E9BF58 /* ItemCell.swift */ = {isa = PBXFileReference; lastKnownFileType = sourcecode.swift; path = ItemCell.swift; sourceTree = "<group>"; };
		59CAEBAC25AB9E9C007F5E93 /* User.swift */ = {isa = PBXFileReference; lastKnownFileType = sourcecode.swift; path = User.swift; sourceTree = "<group>"; };
		59CAEBBA25ABA5C0007F5E93 /* SignUpView.swift */ = {isa = PBXFileReference; lastKnownFileType = sourcecode.swift; path = SignUpView.swift; sourceTree = "<group>"; };
		59CAEBBE25ABA5C9007F5E93 /* SignUpViewModel.swift */ = {isa = PBXFileReference; lastKnownFileType = sourcecode.swift; path = SignUpViewModel.swift; sourceTree = "<group>"; };
		59CAEBC225ABA7E7007F5E93 /* SignUpViewModelTests.swift */ = {isa = PBXFileReference; lastKnownFileType = sourcecode.swift; path = SignUpViewModelTests.swift; sourceTree = "<group>"; };
		59CF7B712730A8CC00A507AC /* FormCurrencyTextField.swift */ = {isa = PBXFileReference; lastKnownFileType = sourcecode.swift; path = FormCurrencyTextField.swift; sourceTree = "<group>"; };
		59D64D2725A6085D003557EA /* ProfileView.swift */ = {isa = PBXFileReference; lastKnownFileType = sourcecode.swift; path = ProfileView.swift; sourceTree = "<group>"; };
		59D64D2D25A6086A003557EA /* ProfileViewModel.swift */ = {isa = PBXFileReference; lastKnownFileType = sourcecode.swift; path = ProfileViewModel.swift; sourceTree = "<group>"; };
		59D64D3125A60BDA003557EA /* ProfileViewModelTests.swift */ = {isa = PBXFileReference; lastKnownFileType = sourcecode.swift; path = ProfileViewModelTests.swift; sourceTree = "<group>"; };
		59DE0ACC25D49562001B89DF /* URLProtocolMock.swift */ = {isa = PBXFileReference; lastKnownFileType = sourcecode.swift; path = URLProtocolMock.swift; sourceTree = "<group>"; };
		59E0063F25ADA8F300630AB7 /* API.swift */ = {isa = PBXFileReference; lastKnownFileType = sourcecode.swift; path = API.swift; sourceTree = "<group>"; };
		59E7518725C37E010010F558 /* APISyncTests.swift */ = {isa = PBXFileReference; lastKnownFileType = sourcecode.swift; path = APISyncTests.swift; sourceTree = "<group>"; };
		59E7518D25C37E260010F558 /* APISync.swift */ = {isa = PBXFileReference; lastKnownFileType = sourcecode.swift; path = APISync.swift; sourceTree = "<group>"; };
		59EE0DDC257940F600CF1076 /* EditAccountViewModelTests.swift */ = {isa = PBXFileReference; lastKnownFileType = sourcecode.swift; path = EditAccountViewModelTests.swift; sourceTree = "<group>"; };
		BA8442A7275E319600DB295B /* SelectCategoryCellView.swift */ = {isa = PBXFileReference; lastKnownFileType = sourcecode.swift; path = SelectCategoryCellView.swift; sourceTree = "<group>"; };
		BAB489762750404D001DDAB7 /* CategoryList.swift */ = {isa = PBXFileReference; lastKnownFileType = sourcecode.swift; path = CategoryList.swift; sourceTree = "<group>"; };
		BAB48978275045A4001DDAB7 /* CategoryCell.swift */ = {isa = PBXFileReference; lastKnownFileType = sourcecode.swift; path = CategoryCell.swift; sourceTree = "<group>"; };
		BAB4897C27504F28001DDAB7 /* EditCategoryView.swift */ = {isa = PBXFileReference; lastKnownFileType = sourcecode.swift; path = EditCategoryView.swift; sourceTree = "<group>"; };
		BAB4897E275050C6001DDAB7 /* EditCategoryViewModel.swift */ = {isa = PBXFileReference; lastKnownFileType = sourcecode.swift; path = EditCategoryViewModel.swift; sourceTree = "<group>"; };
		BADA229F275231790040B979 /* SelectCategoryIconView.swift */ = {isa = PBXFileReference; lastKnownFileType = sourcecode.swift; path = SelectCategoryIconView.swift; sourceTree = "<group>"; };
		BADA22A12752318D0040B979 /* CategoryIcons.swift */ = {isa = PBXFileReference; lastKnownFileType = sourcecode.swift; path = CategoryIcons.swift; sourceTree = "<group>"; };
		BAEDF409275E9F71003B390F /* SelectCategoryListView.swift */ = {isa = PBXFileReference; lastKnownFileType = sourcecode.swift; path = SelectCategoryListView.swift; sourceTree = "<group>"; };
/* End PBXFileReference section */

/* Begin PBXFrameworksBuildPhase section */
		59B0473F256E6C6F0095A8FB /* Frameworks */ = {
			isa = PBXFrameworksBuildPhase;
			buildActionMask = 2147483647;
			files = (
			);
			runOnlyForDeploymentPostprocessing = 0;
		};
		59B04755256E6C720095A8FB /* Frameworks */ = {
			isa = PBXFrameworksBuildPhase;
			buildActionMask = 2147483647;
			files = (
			);
			runOnlyForDeploymentPostprocessing = 0;
		};
/* End PBXFrameworksBuildPhase section */

/* Begin PBXGroup section */
		590CBA0F25C2DFEB000CB73B /* Entities */ = {
			isa = PBXGroup;
			children = (
				59CAEBAC25AB9E9C007F5E93 /* User.swift */,
				599E48D8258BF726009A5E44 /* Account+Extension.swift */,
				598BFD1D258C2CA300D75FE3 /* Item+Extension.swift */,
			);
			path = Entities;
			sourceTree = "<group>";
		};
		593B77C425ADA52E00B89E3E /* Mocks */ = {
			isa = PBXGroup;
			children = (
				59DE0ACC25D49562001B89DF /* URLProtocolMock.swift */,
			);
			path = Mocks;
			sourceTree = "<group>";
		};
		595F606F2572911A00B7DEEF /* Edit Item */ = {
			isa = PBXGroup;
			children = (
				595F605A257194B300B7DEEF /* EditItemView.swift */,
				595F606225728FE200B7DEEF /* EditItemViewModel.swift */,
			);
			path = "Edit Item";
			sourceTree = "<group>";
		};
		595F60752572916000B7DEEF /* Modules */ = {
			isa = PBXGroup;
			children = (
				59EE0DE0257941E800CF1076 /* Main */,
				59B0DBBF25C0AF0A00F6BA96 /* Tabs */,
				59A5B20425ACB9840086D335 /* Log In */,
				59CAEBB625ABA5A9007F5E93 /* Sign Up */,
				596B312C257930F300408346 /* Item */,
				596B3129257930E900408346 /* Account */,
				BAB489752750403E001DDAB7 /* Categories */,
				59CAEBB725ABA5B1007F5E93 /* Profile */,
			);
			path = Modules;
			sourceTree = "<group>";
		};
		595F607E2573096A00B7DEEF /* Utils */ = {
			isa = PBXGroup;
			children = (
				597DCF2125779E85004B6CDB /* TestableScheduler.swift */,
				596BA805257AF1B900C6BDC5 /* NSDecimalNumber+Extension.swift */,
				597AA0CC257D88E4007A946B /* Color+Extension.swift */,
				597AA0D0257E5C13007A946B /* StatefulPreviewWrapper.swift */,
				599304F225B6434F00E76B38 /* AlertMessage.swift */,
			);
			path = Utils;
			sourceTree = "<group>";
		};
		595F60832573B38300B7DEEF /* Custom Views */ = {
			isa = PBXGroup;
			children = (
				595F60842573B40E00B7DEEF /* FormTextField.swift */,
				597DCF2525780D66004B6CDB /* CurrencyTextField.swift */,
				59378033257FB5B600A71B6A /* SelectColorView.swift */,
				59CF7B712730A8CC00A507AC /* FormCurrencyTextField.swift */,
			);
			path = "Custom Views";
			sourceTree = "<group>";
		};
		5968549B25A659AB00D86679 /* Core Data */ = {
			isa = PBXGroup;
			children = (
				59B0474E256E6C720095A8FB /* CoreDataController.swift */,
				59B04750256E6C720095A8FB /* Beans.xcdatamodeld */,
			);
			path = "Core Data";
			sourceTree = "<group>";
		};
		5968549E25A659B900D86679 /* User Session */ = {
			isa = PBXGroup;
			children = (
				5968549725A6594300D86679 /* UserSession.swift */,
			);
			path = "User Session";
			sourceTree = "<group>";
		};
		596B311625792AC600408346 /* Edit Account */ = {
			isa = PBXGroup;
			children = (
				596B311725792B1C00408346 /* EditAccountView.swift */,
				596B311D25792B2900408346 /* EditAccountViewModel.swift */,
			);
			path = "Edit Account";
			sourceTree = "<group>";
		};
		596B3129257930E900408346 /* Account */ = {
			isa = PBXGroup;
			children = (
				59C3E3F7260CD38100BE2630 /* Select Account */,
				59E6A65F25A5E84B007638D0 /* Accounts List */,
				596B311625792AC600408346 /* Edit Account */,
			);
			path = Account;
			sourceTree = "<group>";
		};
		596B312C257930F300408346 /* Item */ = {
			isa = PBXGroup;
			children = (
				59E6A66425A5E85C007638D0 /* Items List */,
				595F606F2572911A00B7DEEF /* Edit Item */,
			);
			path = Item;
			sourceTree = "<group>";
		};
		596B312D2579310A00408346 /* Bundle */ = {
			isa = PBXGroup;
			children = (
				59B04749256E6C720095A8FB /* Assets.xcassets */,
				59B04753256E6C720095A8FB /* Info.plist */,
			);
			path = Bundle;
			sourceTree = "<group>";
		};
		59A5B20425ACB9840086D335 /* Log In */ = {
			isa = PBXGroup;
			children = (
				59A5B20525ACB9920086D335 /* LogInView.swift */,
				59A5B20B25ACB99C0086D335 /* LogInViewModel.swift */,
			);
			path = "Log In";
			sourceTree = "<group>";
		};
		59ACFE1C25BA137A0025EB70 /* ViewModels Tests */ = {
			isa = PBXGroup;
			children = (
				592FE3C325C15AA400E2F227 /* MainViewModelTests.swift */,
				59CAEBC225ABA7E7007F5E93 /* SignUpViewModelTests.swift */,
				59A5B20F25ACB9B90086D335 /* LogInViewModelTests.swift */,
				592FE3BF25C15A9100E2F227 /* TabsViewModelTests.swift */,
				59D64D3125A60BDA003557EA /* ProfileViewModelTests.swift */,
				595F606A2572905D00B7DEEF /* EditItemViewModelTests.swift */,
				59EE0DDC257940F600CF1076 /* EditAccountViewModelTests.swift */,
			);
			path = "ViewModels Tests";
			sourceTree = "<group>";
		};
		59ACFE2925BEE20A0025EB70 /* Utils */ = {
			isa = PBXGroup;
			children = (
				59ACFE2A25BEE2220025EB70 /* XCTestCase+Extension.swift */,
			);
			path = Utils;
			sourceTree = "<group>";
		};
		59AE047025C17A0100C47B2B /* Model Tests */ = {
			isa = PBXGroup;
			children = (
				599E48D4258BF5CE009A5E44 /* AccountTests.swift */,
			);
			path = "Model Tests";
			sourceTree = "<group>";
		};
		59B04739256E6C6F0095A8FB = {
			isa = PBXGroup;
			children = (
				592F9E3525AB06520032EE37 /* README.md */,
				59B04744256E6C6F0095A8FB /* Beans */,
				59B0475B256E6C720095A8FB /* BeansTests */,
				59B04743256E6C6F0095A8FB /* Products */,
			);
			sourceTree = "<group>";
		};
		59B04743256E6C6F0095A8FB /* Products */ = {
			isa = PBXGroup;
			children = (
				59B04742256E6C6F0095A8FB /* Beans.app */,
				59B04758256E6C720095A8FB /* BeansTests.xctest */,
			);
			name = Products;
			sourceTree = "<group>";
		};
		59B04744256E6C6F0095A8FB /* Beans */ = {
			isa = PBXGroup;
			children = (
				59B04745256E6C6F0095A8FB /* BeansApp.swift */,
				595F60752572916000B7DEEF /* Modules */,
				590CBA0F25C2DFEB000CB73B /* Entities */,
				5968549B25A659AB00D86679 /* Core Data */,
				5968549E25A659B900D86679 /* User Session */,
				59E0063E25ADA8D700630AB7 /* API */,
				595F607E2573096A00B7DEEF /* Utils */,
				596B312D2579310A00408346 /* Bundle */,
				595F60832573B38300B7DEEF /* Custom Views */,
				59B0474B256E6C720095A8FB /* Preview Content */,
			);
			path = Beans;
			sourceTree = "<group>";
		};
		59B0474B256E6C720095A8FB /* Preview Content */ = {
			isa = PBXGroup;
			children = (
				59B0474C256E6C720095A8FB /* Preview Assets.xcassets */,
			);
			path = "Preview Content";
			sourceTree = "<group>";
		};
		59B0475B256E6C720095A8FB /* BeansTests */ = {
			isa = PBXGroup;
			children = (
				59ACFE2925BEE20A0025EB70 /* Utils */,
				593B77C425ADA52E00B89E3E /* Mocks */,
				59ACFE1C25BA137A0025EB70 /* ViewModels Tests */,
				59AE047025C17A0100C47B2B /* Model Tests */,
				59ACFE1825BA13750025EB70 /* UserSessionTests.swift */,
				59E7518725C37E010010F558 /* APISyncTests.swift */,
				59B0475E256E6C720095A8FB /* Info.plist */,
			);
			path = BeansTests;
			sourceTree = "<group>";
		};
		59B0DBBF25C0AF0A00F6BA96 /* Tabs */ = {
			isa = PBXGroup;
			children = (
				596B312125792F7F00408346 /* TabsView.swift */,
				59B0DBB425C0AEEC00F6BA96 /* TabsViewModel.swift */,
			);
			path = Tabs;
			sourceTree = "<group>";
		};
		59C3E3F7260CD38100BE2630 /* Select Account */ = {
			isa = PBXGroup;
			children = (
				59376195260BDDBE001FD759 /* AccountSelectionListView.swift */,
				592C748625A5AF6B009C3C2C /* SelectAccountCellView.swift */,
			);
			path = "Select Account";
			sourceTree = "<group>";
		};
		59CAEBB625ABA5A9007F5E93 /* Sign Up */ = {
			isa = PBXGroup;
			children = (
				59CAEBBA25ABA5C0007F5E93 /* SignUpView.swift */,
				59CAEBBE25ABA5C9007F5E93 /* SignUpViewModel.swift */,
			);
			path = "Sign Up";
			sourceTree = "<group>";
		};
		59CAEBB725ABA5B1007F5E93 /* Profile */ = {
			isa = PBXGroup;
			children = (
				59D64D2725A6085D003557EA /* ProfileView.swift */,
				59D64D2D25A6086A003557EA /* ProfileViewModel.swift */,
			);
			path = Profile;
			sourceTree = "<group>";
		};
		59E0063E25ADA8D700630AB7 /* API */ = {
			isa = PBXGroup;
			children = (
				59E0063F25ADA8F300630AB7 /* API.swift */,
				59E7518D25C37E260010F558 /* APISync.swift */,
				59B4DBD525D7E68E00B61E47 /* AccountResponse.swift */,
				59B4DBD925D7F74200B61E47 /* GetResourceResponse.swift */,
			);
			path = API;
			sourceTree = "<group>";
		};
		59E6A65F25A5E84B007638D0 /* Accounts List */ = {
			isa = PBXGroup;
			children = (
				596B3125257930DB00408346 /* AccountsListView.swift */,
				597B05452580F74E0012C2D6 /* AccountCell.swift */,
			);
			path = "Accounts List";
			sourceTree = "<group>";
		};
		59E6A66425A5E85C007638D0 /* Items List */ = {
			isa = PBXGroup;
			children = (
				59B04747256E6C6F0095A8FB /* RecentItemsView.swift */,
				59BCD5D22583748F00E9BF58 /* ItemCell.swift */,
			);
			path = "Items List";
			sourceTree = "<group>";
		};
		59EE0DE0257941E800CF1076 /* Main */ = {
			isa = PBXGroup;
			children = (
				59B0DBAC25C0AE7500F6BA96 /* MainView.swift */,
				59B0DBB025C0AE7F00F6BA96 /* MainViewModel.swift */,
			);
			path = Main;
			sourceTree = "<group>";
		};
		BAB489752750403E001DDAB7 /* Categories */ = {
			isa = PBXGroup;
			children = (
				BAD14B88275E2FD10084F28E /* Select Category */,
				BAB4897B27504F15001DDAB7 /* Edit Category */,
				BAB4897A2750467F001DDAB7 /* Category List */,
			);
			path = Categories;
			sourceTree = "<group>";
		};
		BAB4897A2750467F001DDAB7 /* Category List */ = {
			isa = PBXGroup;
			children = (
				BAB489762750404D001DDAB7 /* CategoryList.swift */,
				BAB48978275045A4001DDAB7 /* CategoryCell.swift */,
			);
			path = "Category List";
			sourceTree = "<group>";
		};
		BAB4897B27504F15001DDAB7 /* Edit Category */ = {
			isa = PBXGroup;
			children = (
				BAB4897C27504F28001DDAB7 /* EditCategoryView.swift */,
				BAB4897E275050C6001DDAB7 /* EditCategoryViewModel.swift */,
				BADA229F275231790040B979 /* SelectCategoryIconView.swift */,
				BADA22A12752318D0040B979 /* CategoryIcons.swift */,
			);
			path = "Edit Category";
			sourceTree = "<group>";
		};
		BAD14B88275E2FD10084F28E /* Select Category */ = {
			isa = PBXGroup;
			children = (
				BA8442A7275E319600DB295B /* SelectCategoryCellView.swift */,
				BAEDF409275E9F71003B390F /* SelectCategoryListView.swift */,
			);
			path = "Select Category";
			sourceTree = "<group>";
		};
/* End PBXGroup section */

/* Begin PBXNativeTarget section */
		59B04741256E6C6F0095A8FB /* Beans */ = {
			isa = PBXNativeTarget;
			buildConfigurationList = 59B0476C256E6C720095A8FB /* Build configuration list for PBXNativeTarget "Beans" */;
			buildPhases = (
				59B0473E256E6C6F0095A8FB /* Sources */,
				59B0473F256E6C6F0095A8FB /* Frameworks */,
				59B04740256E6C6F0095A8FB /* Resources */,
			);
			buildRules = (
			);
			dependencies = (
			);
			name = Beans;
			productName = Beans;
			productReference = 59B04742256E6C6F0095A8FB /* Beans.app */;
			productType = "com.apple.product-type.application";
		};
		59B04757256E6C720095A8FB /* BeansTests */ = {
			isa = PBXNativeTarget;
			buildConfigurationList = 59B0476F256E6C720095A8FB /* Build configuration list for PBXNativeTarget "BeansTests" */;
			buildPhases = (
				59B04754256E6C720095A8FB /* Sources */,
				59B04755256E6C720095A8FB /* Frameworks */,
				59B04756256E6C720095A8FB /* Resources */,
			);
			buildRules = (
			);
			dependencies = (
				59B0475A256E6C720095A8FB /* PBXTargetDependency */,
			);
			name = BeansTests;
			productName = BeansTests;
			productReference = 59B04758256E6C720095A8FB /* BeansTests.xctest */;
			productType = "com.apple.product-type.bundle.unit-test";
		};
/* End PBXNativeTarget section */

/* Begin PBXProject section */
		59B0473A256E6C6F0095A8FB /* Project object */ = {
			isa = PBXProject;
			attributes = {
				LastSwiftUpdateCheck = 1220;
				LastUpgradeCheck = 1220;
				TargetAttributes = {
					59B04741256E6C6F0095A8FB = {
						CreatedOnToolsVersion = 12.2;
					};
					59B04757256E6C720095A8FB = {
						CreatedOnToolsVersion = 12.2;
						LastSwiftMigration = 1220;
						TestTargetID = 59B04741256E6C6F0095A8FB;
					};
				};
			};
			buildConfigurationList = 59B0473D256E6C6F0095A8FB /* Build configuration list for PBXProject "Beans" */;
			compatibilityVersion = "Xcode 9.3";
			developmentRegion = en;
			hasScannedForEncodings = 0;
			knownRegions = (
				en,
				Base,
			);
			mainGroup = 59B04739256E6C6F0095A8FB;
			productRefGroup = 59B04743256E6C6F0095A8FB /* Products */;
			projectDirPath = "";
			projectRoot = "";
			targets = (
				59B04741256E6C6F0095A8FB /* Beans */,
				59B04757256E6C720095A8FB /* BeansTests */,
			);
		};
/* End PBXProject section */

/* Begin PBXResourcesBuildPhase section */
		59B04740256E6C6F0095A8FB /* Resources */ = {
			isa = PBXResourcesBuildPhase;
			buildActionMask = 2147483647;
			files = (
				592F9E3625AB06520032EE37 /* README.md in Resources */,
				59E6A67225A5E99C007638D0 /* Preview Assets.xcassets in Resources */,
				59B0474A256E6C720095A8FB /* Assets.xcassets in Resources */,
			);
			runOnlyForDeploymentPostprocessing = 0;
		};
		59B04756256E6C720095A8FB /* Resources */ = {
			isa = PBXResourcesBuildPhase;
			buildActionMask = 2147483647;
			files = (
			);
			runOnlyForDeploymentPostprocessing = 0;
		};
/* End PBXResourcesBuildPhase section */

/* Begin PBXSourcesBuildPhase section */
		59B0473E256E6C6F0095A8FB /* Sources */ = {
			isa = PBXSourcesBuildPhase;
			buildActionMask = 2147483647;
			files = (
				59B0DBAD25C0AE7500F6BA96 /* MainView.swift in Sources */,
				59B0474F256E6C720095A8FB /* CoreDataController.swift in Sources */,
				BA8442A8275E319600DB295B /* SelectCategoryCellView.swift in Sources */,
				599E48D9258BF726009A5E44 /* Account+Extension.swift in Sources */,
				59B0DBB525C0AEEC00F6BA96 /* TabsViewModel.swift in Sources */,
				599304F325B6434F00E76B38 /* AlertMessage.swift in Sources */,
				598BFD1E258C2CA300D75FE3 /* Item+Extension.swift in Sources */,
				597B05462580F74E0012C2D6 /* AccountCell.swift in Sources */,
				BADA22A0275231790040B979 /* SelectCategoryIconView.swift in Sources */,
				BAB489772750404D001DDAB7 /* CategoryList.swift in Sources */,
				BAB4897D27504F28001DDAB7 /* EditCategoryView.swift in Sources */,
				597AA0CD257D88E4007A946B /* Color+Extension.swift in Sources */,
				BAB4897F275050C6001DDAB7 /* EditCategoryViewModel.swift in Sources */,
				595F60852573B40E00B7DEEF /* FormTextField.swift in Sources */,
				592C748725A5AF6B009C3C2C /* SelectAccountCellView.swift in Sources */,
				59376196260BDDBE001FD759 /* AccountSelectionListView.swift in Sources */,
				59CAEBAD25AB9E9C007F5E93 /* User.swift in Sources */,
				59D64D2825A6085D003557EA /* ProfileView.swift in Sources */,
				59B4DBDA25D7F74200B61E47 /* GetResourceResponse.swift in Sources */,
				59CF7B722730A8CC00A507AC /* FormCurrencyTextField.swift in Sources */,
				59B4DBD625D7E68E00B61E47 /* AccountResponse.swift in Sources */,
				BAB48979275045A4001DDAB7 /* CategoryCell.swift in Sources */,
				597DCF2225779E85004B6CDB /* TestableScheduler.swift in Sources */,
				59A5B20625ACB9920086D335 /* LogInView.swift in Sources */,
				596B311E25792B2900408346 /* EditAccountViewModel.swift in Sources */,
				59D64D2E25A6086A003557EA /* ProfileViewModel.swift in Sources */,
				5968549825A6594300D86679 /* UserSession.swift in Sources */,
				596B311825792B1C00408346 /* EditAccountView.swift in Sources */,
				BAEDF40A275E9F71003B390F /* SelectCategoryListView.swift in Sources */,
				59B0DBB125C0AE7F00F6BA96 /* MainViewModel.swift in Sources */,
				597AA0D1257E5C13007A946B /* StatefulPreviewWrapper.swift in Sources */,
				596B312225792F7F00408346 /* TabsView.swift in Sources */,
				59BCD5D32583748F00E9BF58 /* ItemCell.swift in Sources */,
				59E7518E25C37E260010F558 /* APISync.swift in Sources */,
				BADA22A22752318D0040B979 /* CategoryIcons.swift in Sources */,
				596BA806257AF1B900C6BDC5 /* NSDecimalNumber+Extension.swift in Sources */,
				59A5B20C25ACB99C0086D335 /* LogInViewModel.swift in Sources */,
				595F605B257194B300B7DEEF /* EditItemView.swift in Sources */,
				59E0064025ADA8F300630AB7 /* API.swift in Sources */,
				59B04746256E6C6F0095A8FB /* BeansApp.swift in Sources */,
				59B04752256E6C720095A8FB /* Beans.xcdatamodeld in Sources */,
				59CAEBBF25ABA5C9007F5E93 /* SignUpViewModel.swift in Sources */,
				596B3126257930DB00408346 /* AccountsListView.swift in Sources */,
				59378034257FB5B600A71B6A /* SelectColorView.swift in Sources */,
				597DCF2625780D66004B6CDB /* CurrencyTextField.swift in Sources */,
				59CAEBBB25ABA5C0007F5E93 /* SignUpView.swift in Sources */,
				59E6A66D25A5E8FB007638D0 /* RecentItemsView.swift in Sources */,
				595F606325728FE200B7DEEF /* EditItemViewModel.swift in Sources */,
			);
			runOnlyForDeploymentPostprocessing = 0;
		};
		59B04754256E6C720095A8FB /* Sources */ = {
			isa = PBXSourcesBuildPhase;
			buildActionMask = 2147483647;
			files = (
				59D64D3225A60BDA003557EA /* ProfileViewModelTests.swift in Sources */,
				599E48D5258BF5CE009A5E44 /* AccountTests.swift in Sources */,
				59A5B21025ACB9B90086D335 /* LogInViewModelTests.swift in Sources */,
				59CAEBC325ABA7E7007F5E93 /* SignUpViewModelTests.swift in Sources */,
				59DE0ACD25D49562001B89DF /* URLProtocolMock.swift in Sources */,
				592FE3C425C15AA400E2F227 /* MainViewModelTests.swift in Sources */,
				59ACFE1925BA13750025EB70 /* UserSessionTests.swift in Sources */,
				59ACFE2B25BEE2220025EB70 /* XCTestCase+Extension.swift in Sources */,
				59EE0DDD257940F600CF1076 /* EditAccountViewModelTests.swift in Sources */,
				592FE3C025C15A9100E2F227 /* TabsViewModelTests.swift in Sources */,
				595F606B2572905D00B7DEEF /* EditItemViewModelTests.swift in Sources */,
				59E7518825C37E010010F558 /* APISyncTests.swift in Sources */,
			);
			runOnlyForDeploymentPostprocessing = 0;
		};
/* End PBXSourcesBuildPhase section */

/* Begin PBXTargetDependency section */
		59B0475A256E6C720095A8FB /* PBXTargetDependency */ = {
			isa = PBXTargetDependency;
			target = 59B04741256E6C6F0095A8FB /* Beans */;
			targetProxy = 59B04759256E6C720095A8FB /* PBXContainerItemProxy */;
		};
/* End PBXTargetDependency section */

/* Begin XCBuildConfiguration section */
		59B0476A256E6C720095A8FB /* Debug */ = {
			isa = XCBuildConfiguration;
			buildSettings = {
				ALWAYS_SEARCH_USER_PATHS = NO;
				CLANG_ANALYZER_NONNULL = YES;
				CLANG_ANALYZER_NUMBER_OBJECT_CONVERSION = YES_AGGRESSIVE;
				CLANG_CXX_LANGUAGE_STANDARD = "gnu++14";
				CLANG_CXX_LIBRARY = "libc++";
				CLANG_ENABLE_MODULES = YES;
				CLANG_ENABLE_OBJC_ARC = YES;
				CLANG_ENABLE_OBJC_WEAK = YES;
				CLANG_WARN_BLOCK_CAPTURE_AUTORELEASING = YES;
				CLANG_WARN_BOOL_CONVERSION = YES;
				CLANG_WARN_COMMA = YES;
				CLANG_WARN_CONSTANT_CONVERSION = YES;
				CLANG_WARN_DEPRECATED_OBJC_IMPLEMENTATIONS = YES;
				CLANG_WARN_DIRECT_OBJC_ISA_USAGE = YES_ERROR;
				CLANG_WARN_DOCUMENTATION_COMMENTS = YES;
				CLANG_WARN_EMPTY_BODY = YES;
				CLANG_WARN_ENUM_CONVERSION = YES;
				CLANG_WARN_INFINITE_RECURSION = YES;
				CLANG_WARN_INT_CONVERSION = YES;
				CLANG_WARN_NON_LITERAL_NULL_CONVERSION = YES;
				CLANG_WARN_OBJC_IMPLICIT_RETAIN_SELF = YES;
				CLANG_WARN_OBJC_LITERAL_CONVERSION = YES;
				CLANG_WARN_OBJC_ROOT_CLASS = YES_ERROR;
				CLANG_WARN_QUOTED_INCLUDE_IN_FRAMEWORK_HEADER = YES;
				CLANG_WARN_RANGE_LOOP_ANALYSIS = YES;
				CLANG_WARN_STRICT_PROTOTYPES = YES;
				CLANG_WARN_SUSPICIOUS_MOVE = YES;
				CLANG_WARN_UNGUARDED_AVAILABILITY = YES_AGGRESSIVE;
				CLANG_WARN_UNREACHABLE_CODE = YES;
				CLANG_WARN__DUPLICATE_METHOD_MATCH = YES;
				COPY_PHASE_STRIP = NO;
				DEBUG_INFORMATION_FORMAT = dwarf;
				ENABLE_STRICT_OBJC_MSGSEND = YES;
				ENABLE_TESTABILITY = YES;
				GCC_C_LANGUAGE_STANDARD = gnu11;
				GCC_DYNAMIC_NO_PIC = NO;
				GCC_NO_COMMON_BLOCKS = YES;
				GCC_OPTIMIZATION_LEVEL = 0;
				GCC_PREPROCESSOR_DEFINITIONS = (
					"DEBUG=1",
					"$(inherited)",
				);
				GCC_WARN_64_TO_32_BIT_CONVERSION = YES;
				GCC_WARN_ABOUT_RETURN_TYPE = YES_ERROR;
				GCC_WARN_UNDECLARED_SELECTOR = YES;
				GCC_WARN_UNINITIALIZED_AUTOS = YES_AGGRESSIVE;
				GCC_WARN_UNUSED_FUNCTION = YES;
				GCC_WARN_UNUSED_VARIABLE = YES;
				IPHONEOS_DEPLOYMENT_TARGET = 15.0;
				MTL_ENABLE_DEBUG_INFO = INCLUDE_SOURCE;
				MTL_FAST_MATH = YES;
				ONLY_ACTIVE_ARCH = YES;
				SDKROOT = iphoneos;
				SWIFT_ACTIVE_COMPILATION_CONDITIONS = DEBUG;
				SWIFT_OPTIMIZATION_LEVEL = "-Onone";
			};
			name = Debug;
		};
		59B0476B256E6C720095A8FB /* Release */ = {
			isa = XCBuildConfiguration;
			buildSettings = {
				ALWAYS_SEARCH_USER_PATHS = NO;
				CLANG_ANALYZER_NONNULL = YES;
				CLANG_ANALYZER_NUMBER_OBJECT_CONVERSION = YES_AGGRESSIVE;
				CLANG_CXX_LANGUAGE_STANDARD = "gnu++14";
				CLANG_CXX_LIBRARY = "libc++";
				CLANG_ENABLE_MODULES = YES;
				CLANG_ENABLE_OBJC_ARC = YES;
				CLANG_ENABLE_OBJC_WEAK = YES;
				CLANG_WARN_BLOCK_CAPTURE_AUTORELEASING = YES;
				CLANG_WARN_BOOL_CONVERSION = YES;
				CLANG_WARN_COMMA = YES;
				CLANG_WARN_CONSTANT_CONVERSION = YES;
				CLANG_WARN_DEPRECATED_OBJC_IMPLEMENTATIONS = YES;
				CLANG_WARN_DIRECT_OBJC_ISA_USAGE = YES_ERROR;
				CLANG_WARN_DOCUMENTATION_COMMENTS = YES;
				CLANG_WARN_EMPTY_BODY = YES;
				CLANG_WARN_ENUM_CONVERSION = YES;
				CLANG_WARN_INFINITE_RECURSION = YES;
				CLANG_WARN_INT_CONVERSION = YES;
				CLANG_WARN_NON_LITERAL_NULL_CONVERSION = YES;
				CLANG_WARN_OBJC_IMPLICIT_RETAIN_SELF = YES;
				CLANG_WARN_OBJC_LITERAL_CONVERSION = YES;
				CLANG_WARN_OBJC_ROOT_CLASS = YES_ERROR;
				CLANG_WARN_QUOTED_INCLUDE_IN_FRAMEWORK_HEADER = YES;
				CLANG_WARN_RANGE_LOOP_ANALYSIS = YES;
				CLANG_WARN_STRICT_PROTOTYPES = YES;
				CLANG_WARN_SUSPICIOUS_MOVE = YES;
				CLANG_WARN_UNGUARDED_AVAILABILITY = YES_AGGRESSIVE;
				CLANG_WARN_UNREACHABLE_CODE = YES;
				CLANG_WARN__DUPLICATE_METHOD_MATCH = YES;
				COPY_PHASE_STRIP = NO;
				DEBUG_INFORMATION_FORMAT = "dwarf-with-dsym";
				ENABLE_NS_ASSERTIONS = NO;
				ENABLE_STRICT_OBJC_MSGSEND = YES;
				GCC_C_LANGUAGE_STANDARD = gnu11;
				GCC_NO_COMMON_BLOCKS = YES;
				GCC_WARN_64_TO_32_BIT_CONVERSION = YES;
				GCC_WARN_ABOUT_RETURN_TYPE = YES_ERROR;
				GCC_WARN_UNDECLARED_SELECTOR = YES;
				GCC_WARN_UNINITIALIZED_AUTOS = YES_AGGRESSIVE;
				GCC_WARN_UNUSED_FUNCTION = YES;
				GCC_WARN_UNUSED_VARIABLE = YES;
				IPHONEOS_DEPLOYMENT_TARGET = 15.0;
				MTL_ENABLE_DEBUG_INFO = NO;
				MTL_FAST_MATH = YES;
				SDKROOT = iphoneos;
				SWIFT_COMPILATION_MODE = wholemodule;
				SWIFT_OPTIMIZATION_LEVEL = "-O";
				VALIDATE_PRODUCT = YES;
			};
			name = Release;
		};
		59B0476D256E6C720095A8FB /* Debug */ = {
			isa = XCBuildConfiguration;
			buildSettings = {
				ASSETCATALOG_COMPILER_APPICON_NAME = AppIcon;
				ASSETCATALOG_COMPILER_GLOBAL_ACCENT_COLOR_NAME = AccentColor;
				CODE_SIGN_STYLE = Automatic;
				CURRENT_PROJECT_VERSION = 1;
				DEVELOPMENT_ASSET_PATHS = "\"Beans/Preview Content\"";
				DEVELOPMENT_TEAM = ZU366JQ22B;
				ENABLE_PREVIEWS = YES;
				INFOPLIST_FILE = "$(SRCROOT)/Beans/Bundle/Info.plist";
				IPHONEOS_DEPLOYMENT_TARGET = 15.0;
				LD_RUNPATH_SEARCH_PATHS = (
					"$(inherited)",
					"@executable_path/Frameworks",
				);
				PRODUCT_BUNDLE_IDENTIFIER = com.rrghkf.Beans;
				PRODUCT_NAME = "$(TARGET_NAME)";
				SWIFT_VERSION = 5.0;
				TARGETED_DEVICE_FAMILY = "1,2";
			};
			name = Debug;
		};
		59B0476E256E6C720095A8FB /* Release */ = {
			isa = XCBuildConfiguration;
			buildSettings = {
				ASSETCATALOG_COMPILER_APPICON_NAME = AppIcon;
				ASSETCATALOG_COMPILER_GLOBAL_ACCENT_COLOR_NAME = AccentColor;
				CODE_SIGN_STYLE = Automatic;
				CURRENT_PROJECT_VERSION = 1;
				DEVELOPMENT_ASSET_PATHS = "\"Beans/Preview Content\"";
				DEVELOPMENT_TEAM = ZU366JQ22B;
				ENABLE_PREVIEWS = YES;
				INFOPLIST_FILE = "$(SRCROOT)/Beans/Bundle/Info.plist";
				IPHONEOS_DEPLOYMENT_TARGET = 15.0;
				LD_RUNPATH_SEARCH_PATHS = (
					"$(inherited)",
					"@executable_path/Frameworks",
				);
				PRODUCT_BUNDLE_IDENTIFIER = com.rrghkf.Beans;
				PRODUCT_NAME = "$(TARGET_NAME)";
				SWIFT_VERSION = 5.0;
				TARGETED_DEVICE_FAMILY = "1,2";
			};
			name = Release;
		};
		59B04770256E6C720095A8FB /* Debug */ = {
			isa = XCBuildConfiguration;
			buildSettings = {
				ALWAYS_EMBED_SWIFT_STANDARD_LIBRARIES = YES;
				BUNDLE_LOADER = "$(TEST_HOST)";
				CLANG_ENABLE_MODULES = YES;
				CODE_SIGN_STYLE = Automatic;
				DEVELOPMENT_TEAM = ZU366JQ22B;
				INFOPLIST_FILE = BeansTests/Info.plist;
				IPHONEOS_DEPLOYMENT_TARGET = 15.0;
				LD_RUNPATH_SEARCH_PATHS = (
					"$(inherited)",
					"@executable_path/Frameworks",
					"@loader_path/Frameworks",
				);
				PRODUCT_BUNDLE_IDENTIFIER = com.rrghkf.BeansTests;
				PRODUCT_NAME = "$(TARGET_NAME)";
				SWIFT_OPTIMIZATION_LEVEL = "-Onone";
				SWIFT_VERSION = 5.0;
				TARGETED_DEVICE_FAMILY = "1,2";
				TEST_HOST = "$(BUILT_PRODUCTS_DIR)/Beans.app/Beans";
			};
			name = Debug;
		};
		59B04771256E6C720095A8FB /* Release */ = {
			isa = XCBuildConfiguration;
			buildSettings = {
				ALWAYS_EMBED_SWIFT_STANDARD_LIBRARIES = YES;
				BUNDLE_LOADER = "$(TEST_HOST)";
				CLANG_ENABLE_MODULES = YES;
				CODE_SIGN_STYLE = Automatic;
				DEVELOPMENT_TEAM = ZU366JQ22B;
				INFOPLIST_FILE = BeansTests/Info.plist;
				IPHONEOS_DEPLOYMENT_TARGET = 15.0;
				LD_RUNPATH_SEARCH_PATHS = (
					"$(inherited)",
					"@executable_path/Frameworks",
					"@loader_path/Frameworks",
				);
				PRODUCT_BUNDLE_IDENTIFIER = com.rrghkf.BeansTests;
				PRODUCT_NAME = "$(TARGET_NAME)";
				SWIFT_VERSION = 5.0;
				TARGETED_DEVICE_FAMILY = "1,2";
				TEST_HOST = "$(BUILT_PRODUCTS_DIR)/Beans.app/Beans";
			};
			name = Release;
		};
/* End XCBuildConfiguration section */

/* Begin XCConfigurationList section */
		59B0473D256E6C6F0095A8FB /* Build configuration list for PBXProject "Beans" */ = {
			isa = XCConfigurationList;
			buildConfigurations = (
				59B0476A256E6C720095A8FB /* Debug */,
				59B0476B256E6C720095A8FB /* Release */,
			);
			defaultConfigurationIsVisible = 0;
			defaultConfigurationName = Release;
		};
		59B0476C256E6C720095A8FB /* Build configuration list for PBXNativeTarget "Beans" */ = {
			isa = XCConfigurationList;
			buildConfigurations = (
				59B0476D256E6C720095A8FB /* Debug */,
				59B0476E256E6C720095A8FB /* Release */,
			);
			defaultConfigurationIsVisible = 0;
			defaultConfigurationName = Release;
		};
		59B0476F256E6C720095A8FB /* Build configuration list for PBXNativeTarget "BeansTests" */ = {
			isa = XCConfigurationList;
			buildConfigurations = (
				59B04770256E6C720095A8FB /* Debug */,
				59B04771256E6C720095A8FB /* Release */,
			);
			defaultConfigurationIsVisible = 0;
			defaultConfigurationName = Release;
		};
/* End XCConfigurationList section */

/* Begin XCVersionGroup section */
		59B04750256E6C720095A8FB /* Beans.xcdatamodeld */ = {
			isa = XCVersionGroup;
			children = (
				59B04751256E6C720095A8FB /* Beans.xcdatamodel */,
			);
			currentVersion = 59B04751256E6C720095A8FB /* Beans.xcdatamodel */;
			path = Beans.xcdatamodeld;
			sourceTree = "<group>";
			versionGroupType = wrapper.xcdatamodel;
		};
/* End XCVersionGroup section */
	};
	rootObject = 59B0473A256E6C6F0095A8FB /* Project object */;
}
